
Microsoft Visual Studio Solution File, Format Version 12.00
# Visual Studio Version 17
VisualStudioVersion = 17.5.33516.290
MinimumVisualStudioVersion = 10.0.40219.1
Project("{2150E333-8FDC-42A3-9474-1A3956D46DE8}") = "00_StandardDecorator", "00_StandardDecorator", "{8AED1C8E-4EF9-4189-A58B-D051FD1025E3}"
EndProject
Project("{2150E333-8FDC-42A3-9474-1A3956D46DE8}") = "01_Log", "01_Log", "{16F47063-6BF4-4ADA-87A1-3945BC3FD20D}"
EndProject
Project("{2150E333-8FDC-42A3-9474-1A3956D46DE8}") = "04_CommonSystemJob", "04_CommonSystemJob", "{68064B96-4CD2-44EE-8508-73F0B8342CB1}"
EndProject
Project("{2150E333-8FDC-42A3-9474-1A3956D46DE8}") = "05_OrgApi", "05_OrgApi", "{61B606A1-151F-4C19-B0BC-855009DD156C}"
EndProject
Project("{2150E333-8FDC-42A3-9474-1A3956D46DE8}") = "06_AccessSDK", "06_AccessSDK", "{65694544-99FB-4D9A-9AB3-8629D51F22E9}"
EndProject
Project("{2150E333-8FDC-42A3-9474-1A3956D46DE8}") = "07_Business", "07_Business", "{AFF0C0D0-98A6-4A88-A34A-E6A74B977B76}"
EndProject
Project("{2150E333-8FDC-42A3-9474-1A3956D46DE8}") = "09_ServiceAdaptor", "09_ServiceAdaptor", "{4E19FC1C-DFE9-4C69-8AF5-1920F0290763}"
EndProject
Project("{2150E333-8FDC-42A3-9474-1A3956D46DE8}") = "10_UI_Testing", "10_UI_Testing", "{87393A3D-C764-4605-9FE4-6571AE803836}"
EndProject
Project("{2150E333-8FDC-42A3-9474-1A3956D46DE8}") = "10_WinService_Testing", "10_WinService_Testing", "{4A6EA4D3-6D7E-4DE0-B19D-5E280F74290A}"
EndProject
Project("{2150E333-8FDC-42A3-9474-1A3956D46DE8}") = "10_WinService", "10_WinService", "{7F76FE75-31B1-4668-BF23-3A871FB821C7}"
EndProject
Project("{2150E333-8FDC-42A3-9474-1A3956D46DE8}") = "Client", "Client", "{3877FB8F-3A64-4255-BAC3-243E89F8D1EE}"
EndProject
Project("{2150E333-8FDC-42A3-9474-1A3956D46DE8}") = "Server", "Server", "{D6867CA9-59CC-4171-B126-546DFE01F6DA}"
EndProject
Project("{2150E333-8FDC-42A3-9474-1A3956D46DE8}") = "Client", "Client", "{BF05431D-B026-4C08-8136-7C11ABF30722}"
EndProject
Project("{2150E333-8FDC-42A3-9474-1A3956D46DE8}") = "Server", "Server", "{4E468358-36D3-4F30-8AB2-8CA1C3FB031B}"
EndProject
Project("{FAE04EC0-301F-11D3-BF4B-00C04F79EFBC}") = "NssIT.Kiosk.AppDecorator", "NssIT.Kiosk.AppDecorator\NssIT.Kiosk.AppDecorator.csproj", "{1CC91BDA-E1D3-4EAB-9D67-7D04B224F837}"
EndProject
Project("{FAE04EC0-301F-11D3-BF4B-00C04F79EFBC}") = "NssIT.Kiosk.Common.AppService", "NssIT.Kiosk.Common.AppService\NssIT.Kiosk.Common.AppService.csproj", "{F66F5F1A-5A2A-44D6-B627-9B4A3CE403ED}"
EndProject
Project("{2150E333-8FDC-42A3-9474-1A3956D46DE8}") = "08_App", "08_App", "{0D5691DA-CC0E-4E92-B470-28AACD4DF5DC}"
EndProject
Project("{FAE04EC0-301F-11D3-BF4B-00C04F79EFBC}") = "NssIT.Kiosk.Client.Service.Adaptor", "NssIT.Kiosk.Client.Service.Adaptor\NssIT.Kiosk.Client.Service.Adaptor.csproj", "{1A58C91A-2D5D-4551-A8E8-277183D0E57E}"
EndProject
Project("{FAE04EC0-301F-11D3-BF4B-00C04F79EFBC}") = "NssIT.Kiosk.Server.Service.Adaptor", "NssIT.Kiosk.Server.Service.Adaptor\NssIT.Kiosk.Server.Service.Adaptor.csproj", "{55F43FFA-AAB9-4380-97AB-900CC3018F0C}"
EndProject
Project("{FAE04EC0-301F-11D3-BF4B-00C04F79EFBC}") = "NssIT.Kiosk.Log.DB", "NssIT.Kiosk.Log.DB\NssIT.Kiosk.Log.DB.csproj", "{92B559F6-AD65-4818-9300-BADD7F849853}"
EndProject
Project("{2150E333-8FDC-42A3-9474-1A3956D46DE8}") = "10_UI", "10_UI", "{A48CA5B6-3A66-408A-B007-A5E1B08D8274}"
EndProject
Project("{FAE04EC0-301F-11D3-BF4B-00C04F79EFBC}") = "WFmTCPServiceTest01", "Testing\WFmTCPServiceTest01\WFmTCPServiceTest01.csproj", "{2D8FC7C7-CD92-4E2B-ACBC-86F46725BBDD}"
EndProject
Project("{2150E333-8FDC-42A3-9474-1A3956D46DE8}") = "03_CustomDecorator", "03_CustomDecorator", "{D8C99879-0FCF-420B-9871-CBE4AE5C70D5}"
EndProject
Project("{2150E333-8FDC-42A3-9474-1A3956D46DE8}") = "_Doc", "_Doc", "{8DDB2DB2-C57C-4119-80DE-BDCD50B81381}"
EndProject
Project("{FAE04EC0-301F-11D3-BF4B-00C04F79EFBC}") = "DummyProj", "DummyProj\DummyProj.csproj", "{E6415B28-A18D-4172-99A9-16A1F3143A33}"
EndProject
Project("{2150E333-8FDC-42A3-9474-1A3956D46DE8}") = "Server", "Server", "{B4AFE641-87C9-4D61-9ED7-DFE1E01DD621}"
EndProject
Project("{FAE04EC0-301F-11D3-BF4B-00C04F79EFBC}") = "LibShowMessageWindow", "LibShowMessageWindow\LibShowMessageWindow.csproj", "{8495AF04-1294-4C11-A69F-AA06C17F17B6}"
EndProject
Project("{FAE04EC0-301F-11D3-BF4B-00C04F79EFBC}") = "NssIT.Kiosk.Server.AccessDB", "NssIT.Kiosk.Server.AccessDB\NssIT.Kiosk.Server.AccessDB.csproj", "{EE33EF5E-7375-4FD6-979C-194DE1109E17}"
EndProject
Project("{FAE04EC0-301F-11D3-BF4B-00C04F79EFBC}") = "NssIT.Kiosk.Server.ServerApp", "NssIT.Kiosk.Server.ServerApp\NssIT.Kiosk.Server.ServerApp.csproj", "{8522C62C-0519-4E7F-BD3A-45DBFA5BBE04}"
EndProject
Project("{FAE04EC0-301F-11D3-BF4B-00C04F79EFBC}") = "NssIT.Kiosk.Admin", "NssIT.Kiosk.Admin\NssIT.Kiosk.Admin.csproj", "{431626ED-9388-465E-8ECA-28A3EE63BC81}"
EndProject
Project("{2150E333-8FDC-42A3-9474-1A3956D46DE8}") = "Client", "Client", "{98548BC9-9004-43B8-B612-7489E6C231F1}"
EndProject
Project("{FAE04EC0-301F-11D3-BF4B-00C04F79EFBC}") = "PrintTicketTesting", "Testing\PrintTicketTesting\PrintTicketTesting.csproj", "{61D0A701-4FB2-40BF-990D-8108ABFB8EAB}"
EndProject
Project("{FAE04EC0-301F-11D3-BF4B-00C04F79EFBC}") = "NssIT.Train.Kiosk.Common", "NssIT.Train.Kiosk.Common\NssIT.Train.Kiosk.Common.csproj", "{D2204B42-AF4D-44F7-BC66-0186BF9B841B}"
EndProject
Project("{FAE04EC0-301F-11D3-BF4B-00C04F79EFBC}") = "TrainSeatRnD", "Testing\TrainSeatRnD\TrainSeatRnD.csproj", "{B525AFF8-E718-4568-9A06-631A1AB4906D}"
EndProject
Project("{FAE04EC0-301F-11D3-BF4B-00C04F79EFBC}") = "NssIT.Kiosk.Device.PAX.IM20.OrgAPI", "NssIT.Kiosk.Device.PAX.IM20.OrgAPI\NssIT.Kiosk.Device.PAX.IM20.OrgAPI.csproj", "{C0478A28-B53B-4184-B246-AEEA8A096D43}"
EndProject
Project("{FAE04EC0-301F-11D3-BF4B-00C04F79EFBC}") = "NssIT.Kiosk.Device.PAX.IM20.AccessSDK", "NssIT.Kiosk.Device.PAX.IM20.AccessSDK\NssIT.Kiosk.Device.PAX.IM20.AccessSDK.csproj", "{1783EAD6-B687-4D16-835B-0DFCC50BCE81}"
EndProject
Project("{2150E333-8FDC-42A3-9474-1A3956D46DE8}") = "IM20", "IM20", "{1D6F5ABF-F71B-440E-B774-85627649AAC0}"
EndProject
Project("{FAE04EC0-301F-11D3-BF4B-00C04F79EFBC}") = "serialCommunicationECR2", "Testing\serialCommunicationECR2\serialCommunicationECR2.csproj", "{1225BD65-A6B2-44EC-B1E6-B48C8F542544}"
EndProject
Project("{FAE04EC0-301F-11D3-BF4B-00C04F79EFBC}") = "NssIT.Kiosk.Device.PAX.IM20.PayECRApp", "NssIT.Kiosk.Device.PAX.IM20.PayECRApp\NssIT.Kiosk.Device.PAX.IM20.PayECRApp.csproj", "{D8E01CFD-2E1B-46E1-A53C-DC3C3F3C874D}"
EndProject
Project("{2150E333-8FDC-42A3-9474-1A3956D46DE8}") = "PosiFlexMotionSensor", "PosiFlexMotionSensor", "{C072F971-2A32-48E2-8438-6CE1287AAE15}"
EndProject
Project("{FAE04EC0-301F-11D3-BF4B-00C04F79EFBC}") = "PosiFlexMotionSensorTest01", "Testing\PosiFlexMotionSensorTest01\PosiFlexMotionSensorTest01.csproj", "{930D823B-8E49-40E8-8920-32AD53FC0A81}"
EndProject
Project("{2150E333-8FDC-42A3-9474-1A3956D46DE8}") = "Report", "Report", "{8F7C0D50-F494-4091-92BA-07465874AF78}"
EndProject
Project("{FAE04EC0-301F-11D3-BF4B-00C04F79EFBC}") = "ReportImagePrinting", "Testing\ReportImagePrinting\ReportImagePrinting.csproj", "{967D11CB-19D6-419E-8F28-282859AEDCBF}"
EndProject
Project("{2150E333-8FDC-42A3-9474-1A3956D46DE8}") = "PosiFlexStatusIndicator", "PosiFlexStatusIndicator", "{A549CAFF-5010-4F1A-8EDA-66CF04893172}"
EndProject
Project("{FAE04EC0-301F-11D3-BF4B-00C04F79EFBC}") = "NssIT.Kiosk.Device.PosiFlex.StatusIndicator1.OrgAPI", "NssIT.Kiosk.Device.PosiFlex.StatusIndicator1.OrgAPI\NssIT.Kiosk.Device.PosiFlex.StatusIndicator1.OrgAPI.csproj", "{3DCA91E3-CA7F-416B-AC1E-2DB5C247D510}"
EndProject
Project("{FAE04EC0-301F-11D3-BF4B-00C04F79EFBC}") = "NssIT.Kiosk.Device.PosiFlex.StatusIndicator1.AccessSDK", "NssIT.Kiosk.Device.PosiFlex.StatusIndicator1.AccessSDK\NssIT.Kiosk.Device.PosiFlex.StatusIndicator1.AccessSDK.csproj", "{DD92105E-FFAD-4C90-A48A-D42C55F29937}"
EndProject
Project("{FAE04EC0-301F-11D3-BF4B-00C04F79EFBC}") = "NssIT.Kiosk.Device.PosiFlex.MotionSensor1.OrgAPI", "NssIT.Kiosk.Device.PosiFlex.MotionSensor1.OrgAPI\NssIT.Kiosk.Device.PosiFlex.MotionSensor1.OrgAPI.csproj", "{1283AF23-1A11-4C38-999E-2295B4D02436}"
EndProject
Project("{FAE04EC0-301F-11D3-BF4B-00C04F79EFBC}") = "NssIT.Kiosk.Device.Nippon.NP3611BD.OrgAPI", "NssIT.Kiosk.Device.Nippon.NP3611BD.OrgAPI\NssIT.Kiosk.Device.Nippon.NP3611BD.OrgAPI.csproj", "{3FD539BF-1E6E-4116-84D4-28FFA5F0A76E}"
EndProject
Project("{FAE04EC0-301F-11D3-BF4B-00C04F79EFBC}") = "NipponNP3611BD", "Testing\NipponNP3611BD\NipponNP3611BD.csproj", "{644904B1-7845-45C4-8042-EDAEAC36FCC4}"
EndProject
Project("{FAE04EC0-301F-11D3-BF4B-00C04F79EFBC}") = "NssIT.Kiosk.Device.Nippon.NP3611BD.AccessSDK", "NssIT.Kiosk.Device.Nippon.NP3611BD.AccessSDK\NssIT.Kiosk.Device.Nippon.NP3611BD.AccessSDK.csproj", "{432E468F-7ABB-4CF9-BA10-198E5BD3E9E6}"
EndProject
Project("{FAE04EC0-301F-11D3-BF4B-00C04F79EFBC}") = "WpfBoostTouchNGoSample", "Testing\WpfBoostTouchNGoSample\WpfBoostTouchNGoSample.csproj", "{923835E8-5655-4E2A-B9E2-513FA2D039BB}"
EndProject
Project("{FAE04EC0-301F-11D3-BF4B-00C04F79EFBC}") = "WFmKTMBWebApiSignalRTest", "Testing\WFmKTMBWebApiSignalRTest\WFmKTMBWebApiSignalRTest.csproj", "{2EF1E7BA-D0EC-4376-ACB1-92FF49848B75}"
EndProject
Project("{2150E333-8FDC-42A3-9474-1A3956D46DE8}") = "Boost-TouchNGo", "Boost-TouchNGo", "{FE10DDAC-7931-44B9-822E-557F5176179F}"
EndProject
Project("{FAE04EC0-301F-11D3-BF4B-00C04F79EFBC}") = "PosiFlexStatusIndicator02", "Testing\PosiFlexStatusIndicator02\PosiFlexStatusIndicator02.csproj", "{59156930-B368-42B1-8B9B-9BD33193A3E6}"
EndProject
Project("{FAE04EC0-301F-11D3-BF4B-00C04F79EFBC}") = "NssIT.Kiosk.Network.SignalRClient.API", "NssIT.Kiosk.Network.SignalRClient.API\NssIT.Kiosk.Network.SignalRClient.API.csproj", "{ABC3EC28-26D1-4C47-AD5D-F9EE58C4810B}"
EndProject
Project("{FAE04EC0-301F-11D3-BF4B-00C04F79EFBC}") = "WpfBoostTouchNGoAPITest", "Testing\WpfBoostTouchNGoAPITest\WpfBoostTouchNGoAPITest.csproj", "{97EEA30D-23C4-4FC6-9D76-1E2547711858}"
EndProject
Project("{FAE04EC0-301F-11D3-BF4B-00C04F79EFBC}") = "NssIT.Kiosk.Sqlite.DB", "NssIT.Kiosk.Sqlite.DB\NssIT.Kiosk.Sqlite.DB.csproj", "{14FF52E4-7F0A-47DA-AE7D-B159FBF73D10}"
EndProject
Project("{FAE04EC0-301F-11D3-BF4B-00C04F79EFBC}") = "NssIT.Kiosk.Sqlite.DB.AccessDB", "NssIT.Kiosk.Sqlite.DB.AccessDB\NssIT.Kiosk.Sqlite.DB.AccessDB.csproj", "{607A0E25-DEFD-4FBC-89D2-D6012CD6A795}"
EndProject
Project("{FAE04EC0-301F-11D3-BF4B-00C04F79EFBC}") = "NssIT.Kiosk.Network.PaymentGatewayApp", "NssIT.Kiosk.Network.PaymentGatewayApp\NssIT.Kiosk.Network.PaymentGatewayApp.csproj", "{23465B63-76DC-4E25-9319-CE1FBBE9B352}"
EndProject
Project("{2150E333-8FDC-42A3-9474-1A3956D46DE8}") = "Boost-TouchNGo", "Boost-TouchNGo", "{9AFFE52C-DE0E-4789-A0B4-92DDAF2B6BE9}"
EndProject
Project("{FAE04EC0-301F-11D3-BF4B-00C04F79EFBC}") = "WpfKtmbKioskServerTest", "Testing\WpfKtmbKioskServerTest\WpfKtmbKioskServerTest.csproj", "{17548697-3C78-4C64-B166-A19857E4CEA8}"
EndProject
Project("{FAE04EC0-301F-11D3-BF4B-00C04F79EFBC}") = "WpfBoostTouchNGoClient", "Testing\WpfBoostTouchNGoClient\WpfBoostTouchNGoClient.csproj", "{52C19E40-65DE-4D4D-A766-6A18DD8C07BC}"
EndProject
Project("{FAE04EC0-301F-11D3-BF4B-00C04F79EFBC}") = "NssIT.Train.Kiosk.Security.Live", "NssIT.Train.Kiosk.Security.Live\NssIT.Train.Kiosk.Security.Live.csproj", "{5049378A-DD56-4F7F-A4FA-533110C69624}"
EndProject
Project("{FAE04EC0-301F-11D3-BF4B-00C04F79EFBC}") = "NssIT.Train.Kiosk.Security.Development", "NssIT.Train.Kiosk.Security.Development\NssIT.Train.Kiosk.Security.Development.csproj", "{144F629E-D0C2-4930-B0E8-63C0E87887AD}"
EndProject
Project("{FAE04EC0-301F-11D3-BF4B-00C04F79EFBC}") = "NssIT.Train.Kiosk.Security.Staging", "NssIT.Train.Kiosk.Security.Staging\NssIT.Train.Kiosk.Security.Staging.csproj", "{3628601C-AC9F-4575-9CE5-F0FE5A664C04}"
EndProject
Project("{FAE04EC0-301F-11D3-BF4B-00C04F79EFBC}") = "NssIT.Train.Kiosk.Security.Training", "NssIT.Train.Kiosk.Security.Training\NssIT.Train.Kiosk.Security.Training.csproj", "{85CFD48E-76B9-4526-9357-0E4046D6F368}"
EndProject
Project("{FAE04EC0-301F-11D3-BF4B-00C04F79EFBC}") = "NssIT.Train.Kiosk.Security.Live.AdminUI", "NssIT.Train.Kiosk.Security.Live.AdminUI\NssIT.Train.Kiosk.Security.Live.AdminUI.csproj", "{5EE3C342-13B3-4EC9-A08E-C8949D81AFC2}"
EndProject
Project("{FAE04EC0-301F-11D3-BF4B-00C04F79EFBC}") = "NssIT.Train.Kiosk.Security.Development.AdminUI", "NssIT.Train.Kiosk.Security.Development.AdminUI\NssIT.Train.Kiosk.Security.Development.AdminUI.csproj", "{FC5E293F-FC73-4A8C-80BC-C91DB208515C}"
EndProject
Project("{FAE04EC0-301F-11D3-BF4B-00C04F79EFBC}") = "NssIT.Train.Kiosk.PaymentGatewaySchedule", "NssIT.Train.Kiosk.PaymentGatewaySchedule\NssIT.Train.Kiosk.PaymentGatewaySchedule.csproj", "{CC71411B-5070-4EED-8968-4491CEFFE70E}"
EndProject
Project("{FAE04EC0-301F-11D3-BF4B-00C04F79EFBC}") = "ConsoleTest", "Testing\ConsoleTest\ConsoleTest.csproj", "{76928D04-1105-4B35-9573-9BAB2B9DDE31}"
EndProject
Project("{FAE04EC0-301F-11D3-BF4B-00C04F79EFBC}") = "NssIT.Kiosk.Network.StatusMonitorApp", "NssIT.Kiosk.Network.StatusMonitorApp\NssIT.Kiosk.Network.StatusMonitorApp.csproj", "{C30E97AC-D68C-4174-A5DE-1603A33D6AB7}"
EndProject
Project("{FAE04EC0-301F-11D3-BF4B-00C04F79EFBC}") = "NssIT.Train.Kiosk.Security.LocalHost", "NssIT.Train.Kiosk.Security.LocalHost\NssIT.Train.Kiosk.Security.LocalHost.csproj", "{3DD512EE-5257-476E-86D2-3FA595571494}"
EndProject
Project("{FAE04EC0-301F-11D3-BF4B-00C04F79EFBC}") = "NssIT.Train.Kiosk.StatusCleanupSchedule", "NssIT.Train.Kiosk.StatusCleanupSchedule\NssIT.Train.Kiosk.StatusCleanupSchedule.csproj", "{68D900D2-F6B9-4885-ACBA-090DCF51E499}"
EndProject
Project("{2150E333-8FDC-42A3-9474-1A3956D46DE8}") = "Scheduling", "Scheduling", "{92535DFB-5381-4E05-B723-1332419EFFEC}"
EndProject
Project("{2150E333-8FDC-42A3-9474-1A3956D46DE8}") = "SecuritySetting", "SecuritySetting", "{DF921E8C-5807-44DC-A51B-0D98D74B06E7}"
EndProject
Project("{2150E333-8FDC-42A3-9474-1A3956D46DE8}") = "MyKadTest", "MyKadTest", "{B572B131-AB06-40A4-9901-6195CDD3B8DA}"
EndProject
Project("{FAE04EC0-301F-11D3-BF4B-00C04F79EFBC}") = "MyKadTest", "Testing\MyKadTest\MyKadTest.csproj", "{CFC435D7-5879-4E75-9062-922C81DC6B6E}"
EndProject
Project("{2150E333-8FDC-42A3-9474-1A3956D46DE8}") = "02_CommonTools", "02_CommonTools", "{DED57E01-F876-440B-B61B-76E77779464F}"
EndProject
Project("{FAE04EC0-301F-11D3-BF4B-00C04F79EFBC}") = "NssIT.Kiosk.Tools", "NssIT.Kiosk.Tools\NssIT.Kiosk.Tools.csproj", "{2B735ED3-D8F9-4B25-9992-F8D0ABDC4221}"
EndProject
Project("{FAE04EC0-301F-11D3-BF4B-00C04F79EFBC}") = "WFmMarkingLogTest", "Testing\WFmMarkingLogTest\WFmMarkingLogTest.csproj", "{02A79A7E-35EB-40C8-BF84-AEB183C75FE8}"
EndProject
Project("{FAE04EC0-301F-11D3-BF4B-00C04F79EFBC}") = "NssIT.Kiosk.Client", "NssIT.Kiosk.Client\NssIT.Kiosk.Client.csproj", "{F6391745-BB0B-46BA-A083-2B531BF61ECB}"
EndProject
Project("{FAE04EC0-301F-11D3-BF4B-00C04F79EFBC}") = "NssIT.Kiosk.Device.CardReader.Business", "NssIT.Kiosk.Device.CardReader.Business\NssIT.Kiosk.Device.CardReader.Business.csproj", "{1A757EA5-E736-43D5-BDB3-8D860E9E558D}"
EndProject
Project("{FAE04EC0-301F-11D3-BF4B-00C04F79EFBC}") = "NssIT.Kiosk.Device.PAX.IM30.OrgAPI", "NssIT.Kiosk.Device.PAX.IM30.OrgAPI\NssIT.Kiosk.Device.PAX.IM30.OrgAPI.csproj", "{5CDF404F-E92D-445C-B6EB-AE5455B9551C}"
EndProject
Project("{FAE04EC0-301F-11D3-BF4B-00C04F79EFBC}") = "NssIT.Kiosk.Device.PAX.IM30.AccessSDK", "NssIT.Kiosk.Device.PAX.IM30.AccessSDK\NssIT.Kiosk.Device.PAX.IM30.AccessSDK.csproj", "{2F6C1134-495D-4721-A581-7DB286BEF131}"
EndProject
Project("{2150E333-8FDC-42A3-9474-1A3956D46DE8}") = "IM30", "IM30", "{D35A826B-EE19-452B-A252-92954A3C4B71}"
EndProject
Project("{FAE04EC0-301F-11D3-BF4B-00C04F79EFBC}") = "IM30TestAPI01", "Testing\IM30TestAPI01\IM30TestAPI01.csproj", "{895867BA-F47B-4481-8C9D-98467A7B477D}"
EndProject
Project("{FAE04EC0-301F-11D3-BF4B-00C04F79EFBC}") = "IM30TestAccessSDK01", "Testing\IM30TestAccessSDK01\IM30TestAccessSDK01.csproj", "{DE2C4926-BABE-4358-BFBF-C474B6EFFD77}"
EndProject
Project("{FAE04EC0-301F-11D3-BF4B-00C04F79EFBC}") = "IM30TestAccessSDKInterface01", "Testing\IM30TestAccessSDKInterface01\IM30TestAccessSDKInterface01.csproj", "{D6489DB4-91D4-4B90-A67B-EED01D4F7AFD}"
EndProject
Project("{FAE04EC0-301F-11D3-BF4B-00C04F79EFBC}") = "NssIT.Kiosk.Device.PAX.IM30.IM30PayApp", "NssIT.Kiosk.Device.PAX.IM30.IM30PayApp\NssIT.Kiosk.Device.PAX.IM30.IM30PayApp.csproj", "{5B1B2DD3-D44D-4702-9FD3-40CAFE545A8E}"
EndProject
Project("{FAE04EC0-301F-11D3-BF4B-00C04F79EFBC}") = "Komlink", "..\Komlink\Komlink\Komlink\Komlink.csproj", "{899C613E-2A1B-4B60-B0EB-213A4DED01DF}"
EndProject
Project("{2150E333-8FDC-42A3-9474-1A3956D46DE8}") = "KVDT Kiosk New", "KVDT Kiosk New", "{6281248F-1A72-4AF5-B2B7-BF138E5ACE1F}"
EndProject
Project("{FAE04EC0-301F-11D3-BF4B-00C04F79EFBC}") = "kvdt-kiosk", "..\Komuter\New KVDT\kvdt-kiosk\kvdt-kiosk\kvdt-kiosk.csproj", "{DFA8ADB8-6559-4756-B213-6D999645B4F0}"
EndProject
Project("{FAE04EC0-301F-11D3-BF4B-00C04F79EFBC}") = "WpfBoostTouchNGoClient02", "Testing\WpfBoostTouchNGoClient02\WpfBoostTouchNGoClient02.csproj", "{653A7965-4A3E-4343-8727-43C221EAEB04}"
EndProject
Project("{FAE04EC0-301F-11D3-BF4B-00C04F79EFBC}") = "NssIT.Train.Kiosk.Server", "NssIT.Train.Kiosk.Server\NssIT.Train.Kiosk.Server.csproj", "{C8F392EB-D9FA-410D-BBDD-496BD70D48A9}"
EndProject
Global
	GlobalSection(SolutionConfigurationPlatforms) = preSolution
		Debug|Any CPU = Debug|Any CPU
		Debug|x64 = Debug|x64
		Debug|x86 = Debug|x86
		Release|Any CPU = Release|Any CPU
		Release|x64 = Release|x64
		Release|x86 = Release|x86
	EndGlobalSection
	GlobalSection(ProjectConfigurationPlatforms) = postSolution
		{1CC91BDA-E1D3-4EAB-9D67-7D04B224F837}.Debug|Any CPU.ActiveCfg = Debug|Any CPU
		{1CC91BDA-E1D3-4EAB-9D67-7D04B224F837}.Debug|Any CPU.Build.0 = Debug|Any CPU
		{1CC91BDA-E1D3-4EAB-9D67-7D04B224F837}.Debug|x64.ActiveCfg = Debug|x64
		{1CC91BDA-E1D3-4EAB-9D67-7D04B224F837}.Debug|x64.Build.0 = Debug|x64
		{1CC91BDA-E1D3-4EAB-9D67-7D04B224F837}.Debug|x86.ActiveCfg = Debug|Any CPU
		{1CC91BDA-E1D3-4EAB-9D67-7D04B224F837}.Debug|x86.Build.0 = Debug|Any CPU
		{1CC91BDA-E1D3-4EAB-9D67-7D04B224F837}.Release|Any CPU.ActiveCfg = Release|Any CPU
		{1CC91BDA-E1D3-4EAB-9D67-7D04B224F837}.Release|Any CPU.Build.0 = Release|Any CPU
		{1CC91BDA-E1D3-4EAB-9D67-7D04B224F837}.Release|x64.ActiveCfg = Release|x64
		{1CC91BDA-E1D3-4EAB-9D67-7D04B224F837}.Release|x64.Build.0 = Release|x64
		{1CC91BDA-E1D3-4EAB-9D67-7D04B224F837}.Release|x86.ActiveCfg = Release|Any CPU
		{1CC91BDA-E1D3-4EAB-9D67-7D04B224F837}.Release|x86.Build.0 = Release|Any CPU
		{F66F5F1A-5A2A-44D6-B627-9B4A3CE403ED}.Debug|Any CPU.ActiveCfg = Debug|Any CPU
		{F66F5F1A-5A2A-44D6-B627-9B4A3CE403ED}.Debug|Any CPU.Build.0 = Debug|Any CPU
		{F66F5F1A-5A2A-44D6-B627-9B4A3CE403ED}.Debug|x64.ActiveCfg = Debug|x64
		{F66F5F1A-5A2A-44D6-B627-9B4A3CE403ED}.Debug|x64.Build.0 = Debug|x64
		{F66F5F1A-5A2A-44D6-B627-9B4A3CE403ED}.Debug|x86.ActiveCfg = Debug|Any CPU
		{F66F5F1A-5A2A-44D6-B627-9B4A3CE403ED}.Debug|x86.Build.0 = Debug|Any CPU
		{F66F5F1A-5A2A-44D6-B627-9B4A3CE403ED}.Release|Any CPU.ActiveCfg = Release|Any CPU
		{F66F5F1A-5A2A-44D6-B627-9B4A3CE403ED}.Release|Any CPU.Build.0 = Release|Any CPU
		{F66F5F1A-5A2A-44D6-B627-9B4A3CE403ED}.Release|x64.ActiveCfg = Release|x64
		{F66F5F1A-5A2A-44D6-B627-9B4A3CE403ED}.Release|x64.Build.0 = Release|x64
		{F66F5F1A-5A2A-44D6-B627-9B4A3CE403ED}.Release|x86.ActiveCfg = Release|Any CPU
		{F66F5F1A-5A2A-44D6-B627-9B4A3CE403ED}.Release|x86.Build.0 = Release|Any CPU
		{1A58C91A-2D5D-4551-A8E8-277183D0E57E}.Debug|Any CPU.ActiveCfg = Debug|Any CPU
		{1A58C91A-2D5D-4551-A8E8-277183D0E57E}.Debug|Any CPU.Build.0 = Debug|Any CPU
		{1A58C91A-2D5D-4551-A8E8-277183D0E57E}.Debug|x64.ActiveCfg = Debug|x64
		{1A58C91A-2D5D-4551-A8E8-277183D0E57E}.Debug|x64.Build.0 = Debug|x64
		{1A58C91A-2D5D-4551-A8E8-277183D0E57E}.Debug|x86.ActiveCfg = Debug|Any CPU
		{1A58C91A-2D5D-4551-A8E8-277183D0E57E}.Debug|x86.Build.0 = Debug|Any CPU
		{1A58C91A-2D5D-4551-A8E8-277183D0E57E}.Release|Any CPU.ActiveCfg = Release|Any CPU
		{1A58C91A-2D5D-4551-A8E8-277183D0E57E}.Release|Any CPU.Build.0 = Release|Any CPU
		{1A58C91A-2D5D-4551-A8E8-277183D0E57E}.Release|x64.ActiveCfg = Release|x64
		{1A58C91A-2D5D-4551-A8E8-277183D0E57E}.Release|x64.Build.0 = Release|x64
		{1A58C91A-2D5D-4551-A8E8-277183D0E57E}.Release|x86.ActiveCfg = Release|Any CPU
		{1A58C91A-2D5D-4551-A8E8-277183D0E57E}.Release|x86.Build.0 = Release|Any CPU
		{55F43FFA-AAB9-4380-97AB-900CC3018F0C}.Debug|Any CPU.ActiveCfg = Debug|Any CPU
		{55F43FFA-AAB9-4380-97AB-900CC3018F0C}.Debug|Any CPU.Build.0 = Debug|Any CPU
		{55F43FFA-AAB9-4380-97AB-900CC3018F0C}.Debug|x64.ActiveCfg = Debug|x64
		{55F43FFA-AAB9-4380-97AB-900CC3018F0C}.Debug|x64.Build.0 = Debug|x64
		{55F43FFA-AAB9-4380-97AB-900CC3018F0C}.Debug|x86.ActiveCfg = Debug|Any CPU
		{55F43FFA-AAB9-4380-97AB-900CC3018F0C}.Debug|x86.Build.0 = Debug|Any CPU
		{55F43FFA-AAB9-4380-97AB-900CC3018F0C}.Release|Any CPU.ActiveCfg = Release|Any CPU
		{55F43FFA-AAB9-4380-97AB-900CC3018F0C}.Release|Any CPU.Build.0 = Release|Any CPU
		{55F43FFA-AAB9-4380-97AB-900CC3018F0C}.Release|x64.ActiveCfg = Release|x64
		{55F43FFA-AAB9-4380-97AB-900CC3018F0C}.Release|x64.Build.0 = Release|x64
		{55F43FFA-AAB9-4380-97AB-900CC3018F0C}.Release|x86.ActiveCfg = Release|Any CPU
		{55F43FFA-AAB9-4380-97AB-900CC3018F0C}.Release|x86.Build.0 = Release|Any CPU
		{92B559F6-AD65-4818-9300-BADD7F849853}.Debug|Any CPU.ActiveCfg = Debug|Any CPU
		{92B559F6-AD65-4818-9300-BADD7F849853}.Debug|Any CPU.Build.0 = Debug|Any CPU
		{92B559F6-AD65-4818-9300-BADD7F849853}.Debug|x64.ActiveCfg = Debug|x64
		{92B559F6-AD65-4818-9300-BADD7F849853}.Debug|x64.Build.0 = Debug|x64
		{92B559F6-AD65-4818-9300-BADD7F849853}.Debug|x86.ActiveCfg = Debug|Any CPU
		{92B559F6-AD65-4818-9300-BADD7F849853}.Debug|x86.Build.0 = Debug|Any CPU
		{92B559F6-AD65-4818-9300-BADD7F849853}.Release|Any CPU.ActiveCfg = Release|Any CPU
		{92B559F6-AD65-4818-9300-BADD7F849853}.Release|Any CPU.Build.0 = Release|Any CPU
		{92B559F6-AD65-4818-9300-BADD7F849853}.Release|x64.ActiveCfg = Release|x64
		{92B559F6-AD65-4818-9300-BADD7F849853}.Release|x64.Build.0 = Release|x64
		{92B559F6-AD65-4818-9300-BADD7F849853}.Release|x86.ActiveCfg = Release|Any CPU
		{92B559F6-AD65-4818-9300-BADD7F849853}.Release|x86.Build.0 = Release|Any CPU
		{2D8FC7C7-CD92-4E2B-ACBC-86F46725BBDD}.Debug|Any CPU.ActiveCfg = Debug|Any CPU
		{2D8FC7C7-CD92-4E2B-ACBC-86F46725BBDD}.Debug|Any CPU.Build.0 = Debug|Any CPU
		{2D8FC7C7-CD92-4E2B-ACBC-86F46725BBDD}.Debug|x64.ActiveCfg = Debug|x64
		{2D8FC7C7-CD92-4E2B-ACBC-86F46725BBDD}.Debug|x64.Build.0 = Debug|x64
		{2D8FC7C7-CD92-4E2B-ACBC-86F46725BBDD}.Debug|x86.ActiveCfg = Debug|Any CPU
		{2D8FC7C7-CD92-4E2B-ACBC-86F46725BBDD}.Debug|x86.Build.0 = Debug|Any CPU
		{2D8FC7C7-CD92-4E2B-ACBC-86F46725BBDD}.Release|Any CPU.ActiveCfg = Release|Any CPU
		{2D8FC7C7-CD92-4E2B-ACBC-86F46725BBDD}.Release|Any CPU.Build.0 = Release|Any CPU
		{2D8FC7C7-CD92-4E2B-ACBC-86F46725BBDD}.Release|x64.ActiveCfg = Release|x64
		{2D8FC7C7-CD92-4E2B-ACBC-86F46725BBDD}.Release|x64.Build.0 = Release|x64
		{2D8FC7C7-CD92-4E2B-ACBC-86F46725BBDD}.Release|x86.ActiveCfg = Release|Any CPU
		{2D8FC7C7-CD92-4E2B-ACBC-86F46725BBDD}.Release|x86.Build.0 = Release|Any CPU
		{E6415B28-A18D-4172-99A9-16A1F3143A33}.Debug|Any CPU.ActiveCfg = Debug|Any CPU
		{E6415B28-A18D-4172-99A9-16A1F3143A33}.Debug|Any CPU.Build.0 = Debug|Any CPU
		{E6415B28-A18D-4172-99A9-16A1F3143A33}.Debug|x64.ActiveCfg = Debug|x64
		{E6415B28-A18D-4172-99A9-16A1F3143A33}.Debug|x64.Build.0 = Debug|x64
		{E6415B28-A18D-4172-99A9-16A1F3143A33}.Debug|x86.ActiveCfg = Debug|Any CPU
		{E6415B28-A18D-4172-99A9-16A1F3143A33}.Debug|x86.Build.0 = Debug|Any CPU
		{E6415B28-A18D-4172-99A9-16A1F3143A33}.Release|Any CPU.ActiveCfg = Release|Any CPU
		{E6415B28-A18D-4172-99A9-16A1F3143A33}.Release|Any CPU.Build.0 = Release|Any CPU
		{E6415B28-A18D-4172-99A9-16A1F3143A33}.Release|x64.ActiveCfg = Release|x64
		{E6415B28-A18D-4172-99A9-16A1F3143A33}.Release|x64.Build.0 = Release|x64
		{E6415B28-A18D-4172-99A9-16A1F3143A33}.Release|x86.ActiveCfg = Release|Any CPU
		{E6415B28-A18D-4172-99A9-16A1F3143A33}.Release|x86.Build.0 = Release|Any CPU
		{8495AF04-1294-4C11-A69F-AA06C17F17B6}.Debug|Any CPU.ActiveCfg = Debug|Any CPU
		{8495AF04-1294-4C11-A69F-AA06C17F17B6}.Debug|Any CPU.Build.0 = Debug|Any CPU
		{8495AF04-1294-4C11-A69F-AA06C17F17B6}.Debug|x64.ActiveCfg = Debug|x64
		{8495AF04-1294-4C11-A69F-AA06C17F17B6}.Debug|x64.Build.0 = Debug|x64
		{8495AF04-1294-4C11-A69F-AA06C17F17B6}.Debug|x86.ActiveCfg = Debug|Any CPU
		{8495AF04-1294-4C11-A69F-AA06C17F17B6}.Debug|x86.Build.0 = Debug|Any CPU
		{8495AF04-1294-4C11-A69F-AA06C17F17B6}.Release|Any CPU.ActiveCfg = Release|Any CPU
		{8495AF04-1294-4C11-A69F-AA06C17F17B6}.Release|Any CPU.Build.0 = Release|Any CPU
		{8495AF04-1294-4C11-A69F-AA06C17F17B6}.Release|x64.ActiveCfg = Release|x64
		{8495AF04-1294-4C11-A69F-AA06C17F17B6}.Release|x64.Build.0 = Release|x64
		{8495AF04-1294-4C11-A69F-AA06C17F17B6}.Release|x86.ActiveCfg = Release|Any CPU
		{8495AF04-1294-4C11-A69F-AA06C17F17B6}.Release|x86.Build.0 = Release|Any CPU
		{EE33EF5E-7375-4FD6-979C-194DE1109E17}.Debug|Any CPU.ActiveCfg = Debug|Any CPU
		{EE33EF5E-7375-4FD6-979C-194DE1109E17}.Debug|Any CPU.Build.0 = Debug|Any CPU
		{EE33EF5E-7375-4FD6-979C-194DE1109E17}.Debug|x64.ActiveCfg = Debug|x64
		{EE33EF5E-7375-4FD6-979C-194DE1109E17}.Debug|x64.Build.0 = Debug|x64
		{EE33EF5E-7375-4FD6-979C-194DE1109E17}.Debug|x86.ActiveCfg = Debug|Any CPU
		{EE33EF5E-7375-4FD6-979C-194DE1109E17}.Debug|x86.Build.0 = Debug|Any CPU
		{EE33EF5E-7375-4FD6-979C-194DE1109E17}.Release|Any CPU.ActiveCfg = Release|Any CPU
		{EE33EF5E-7375-4FD6-979C-194DE1109E17}.Release|Any CPU.Build.0 = Release|Any CPU
		{EE33EF5E-7375-4FD6-979C-194DE1109E17}.Release|x64.ActiveCfg = Release|x64
		{EE33EF5E-7375-4FD6-979C-194DE1109E17}.Release|x64.Build.0 = Release|x64
		{EE33EF5E-7375-4FD6-979C-194DE1109E17}.Release|x86.ActiveCfg = Release|Any CPU
		{EE33EF5E-7375-4FD6-979C-194DE1109E17}.Release|x86.Build.0 = Release|Any CPU
		{8522C62C-0519-4E7F-BD3A-45DBFA5BBE04}.Debug|Any CPU.ActiveCfg = Debug|Any CPU
		{8522C62C-0519-4E7F-BD3A-45DBFA5BBE04}.Debug|Any CPU.Build.0 = Debug|Any CPU
		{8522C62C-0519-4E7F-BD3A-45DBFA5BBE04}.Debug|x64.ActiveCfg = Debug|x64
		{8522C62C-0519-4E7F-BD3A-45DBFA5BBE04}.Debug|x64.Build.0 = Debug|x64
		{8522C62C-0519-4E7F-BD3A-45DBFA5BBE04}.Debug|x86.ActiveCfg = Debug|Any CPU
		{8522C62C-0519-4E7F-BD3A-45DBFA5BBE04}.Debug|x86.Build.0 = Debug|Any CPU
		{8522C62C-0519-4E7F-BD3A-45DBFA5BBE04}.Release|Any CPU.ActiveCfg = Release|Any CPU
		{8522C62C-0519-4E7F-BD3A-45DBFA5BBE04}.Release|Any CPU.Build.0 = Release|Any CPU
		{8522C62C-0519-4E7F-BD3A-45DBFA5BBE04}.Release|x64.ActiveCfg = Release|x64
		{8522C62C-0519-4E7F-BD3A-45DBFA5BBE04}.Release|x64.Build.0 = Release|x64
		{8522C62C-0519-4E7F-BD3A-45DBFA5BBE04}.Release|x86.ActiveCfg = Release|Any CPU
		{8522C62C-0519-4E7F-BD3A-45DBFA5BBE04}.Release|x86.Build.0 = Release|Any CPU
		{431626ED-9388-465E-8ECA-28A3EE63BC81}.Debug|Any CPU.ActiveCfg = Debug|Any CPU
		{431626ED-9388-465E-8ECA-28A3EE63BC81}.Debug|Any CPU.Build.0 = Debug|Any CPU
		{431626ED-9388-465E-8ECA-28A3EE63BC81}.Debug|x64.ActiveCfg = Debug|x64
		{431626ED-9388-465E-8ECA-28A3EE63BC81}.Debug|x64.Build.0 = Debug|x64
		{431626ED-9388-465E-8ECA-28A3EE63BC81}.Debug|x86.ActiveCfg = Debug|Any CPU
		{431626ED-9388-465E-8ECA-28A3EE63BC81}.Debug|x86.Build.0 = Debug|Any CPU
		{431626ED-9388-465E-8ECA-28A3EE63BC81}.Release|Any CPU.ActiveCfg = Release|Any CPU
		{431626ED-9388-465E-8ECA-28A3EE63BC81}.Release|Any CPU.Build.0 = Release|Any CPU
		{431626ED-9388-465E-8ECA-28A3EE63BC81}.Release|x64.ActiveCfg = Release|x64
		{431626ED-9388-465E-8ECA-28A3EE63BC81}.Release|x64.Build.0 = Release|x64
		{431626ED-9388-465E-8ECA-28A3EE63BC81}.Release|x86.ActiveCfg = Release|x86
		{431626ED-9388-465E-8ECA-28A3EE63BC81}.Release|x86.Build.0 = Release|x86
		{61D0A701-4FB2-40BF-990D-8108ABFB8EAB}.Debug|Any CPU.ActiveCfg = Debug|x86
		{61D0A701-4FB2-40BF-990D-8108ABFB8EAB}.Debug|Any CPU.Build.0 = Debug|x86
		{61D0A701-4FB2-40BF-990D-8108ABFB8EAB}.Debug|x64.ActiveCfg = Debug|x64
		{61D0A701-4FB2-40BF-990D-8108ABFB8EAB}.Debug|x64.Build.0 = Debug|x64
		{61D0A701-4FB2-40BF-990D-8108ABFB8EAB}.Debug|x86.ActiveCfg = Debug|x86
		{61D0A701-4FB2-40BF-990D-8108ABFB8EAB}.Debug|x86.Build.0 = Debug|x86
		{61D0A701-4FB2-40BF-990D-8108ABFB8EAB}.Release|Any CPU.ActiveCfg = Release|Any CPU
		{61D0A701-4FB2-40BF-990D-8108ABFB8EAB}.Release|Any CPU.Build.0 = Release|Any CPU
		{61D0A701-4FB2-40BF-990D-8108ABFB8EAB}.Release|x64.ActiveCfg = Release|x64
		{61D0A701-4FB2-40BF-990D-8108ABFB8EAB}.Release|x64.Build.0 = Release|x64
		{61D0A701-4FB2-40BF-990D-8108ABFB8EAB}.Release|x86.ActiveCfg = Release|Any CPU
		{61D0A701-4FB2-40BF-990D-8108ABFB8EAB}.Release|x86.Build.0 = Release|Any CPU
		{D2204B42-AF4D-44F7-BC66-0186BF9B841B}.Debug|Any CPU.ActiveCfg = Debug|Any CPU
		{D2204B42-AF4D-44F7-BC66-0186BF9B841B}.Debug|Any CPU.Build.0 = Debug|Any CPU
		{D2204B42-AF4D-44F7-BC66-0186BF9B841B}.Debug|x64.ActiveCfg = Debug|x64
		{D2204B42-AF4D-44F7-BC66-0186BF9B841B}.Debug|x64.Build.0 = Debug|x64
		{D2204B42-AF4D-44F7-BC66-0186BF9B841B}.Debug|x86.ActiveCfg = Debug|Any CPU
		{D2204B42-AF4D-44F7-BC66-0186BF9B841B}.Debug|x86.Build.0 = Debug|Any CPU
		{D2204B42-AF4D-44F7-BC66-0186BF9B841B}.Release|Any CPU.ActiveCfg = Release|Any CPU
		{D2204B42-AF4D-44F7-BC66-0186BF9B841B}.Release|Any CPU.Build.0 = Release|Any CPU
		{D2204B42-AF4D-44F7-BC66-0186BF9B841B}.Release|x64.ActiveCfg = Release|x64
		{D2204B42-AF4D-44F7-BC66-0186BF9B841B}.Release|x64.Build.0 = Release|x64
		{D2204B42-AF4D-44F7-BC66-0186BF9B841B}.Release|x86.ActiveCfg = Release|Any CPU
		{D2204B42-AF4D-44F7-BC66-0186BF9B841B}.Release|x86.Build.0 = Release|Any CPU
		{B525AFF8-E718-4568-9A06-631A1AB4906D}.Debug|Any CPU.ActiveCfg = Debug|Any CPU
		{B525AFF8-E718-4568-9A06-631A1AB4906D}.Debug|Any CPU.Build.0 = Debug|Any CPU
		{B525AFF8-E718-4568-9A06-631A1AB4906D}.Debug|x64.ActiveCfg = Debug|x64
		{B525AFF8-E718-4568-9A06-631A1AB4906D}.Debug|x64.Build.0 = Debug|x64
		{B525AFF8-E718-4568-9A06-631A1AB4906D}.Debug|x86.ActiveCfg = Debug|Any CPU
		{B525AFF8-E718-4568-9A06-631A1AB4906D}.Debug|x86.Build.0 = Debug|Any CPU
		{B525AFF8-E718-4568-9A06-631A1AB4906D}.Release|Any CPU.ActiveCfg = Release|Any CPU
		{B525AFF8-E718-4568-9A06-631A1AB4906D}.Release|Any CPU.Build.0 = Release|Any CPU
		{B525AFF8-E718-4568-9A06-631A1AB4906D}.Release|x64.ActiveCfg = Release|x64
		{B525AFF8-E718-4568-9A06-631A1AB4906D}.Release|x64.Build.0 = Release|x64
		{B525AFF8-E718-4568-9A06-631A1AB4906D}.Release|x86.ActiveCfg = Release|Any CPU
		{B525AFF8-E718-4568-9A06-631A1AB4906D}.Release|x86.Build.0 = Release|Any CPU
		{C0478A28-B53B-4184-B246-AEEA8A096D43}.Debug|Any CPU.ActiveCfg = Debug|Any CPU
		{C0478A28-B53B-4184-B246-AEEA8A096D43}.Debug|Any CPU.Build.0 = Debug|Any CPU
		{C0478A28-B53B-4184-B246-AEEA8A096D43}.Debug|x64.ActiveCfg = Debug|x64
		{C0478A28-B53B-4184-B246-AEEA8A096D43}.Debug|x64.Build.0 = Debug|x64
		{C0478A28-B53B-4184-B246-AEEA8A096D43}.Debug|x86.ActiveCfg = Debug|Any CPU
		{C0478A28-B53B-4184-B246-AEEA8A096D43}.Debug|x86.Build.0 = Debug|Any CPU
		{C0478A28-B53B-4184-B246-AEEA8A096D43}.Release|Any CPU.ActiveCfg = Release|Any CPU
		{C0478A28-B53B-4184-B246-AEEA8A096D43}.Release|Any CPU.Build.0 = Release|Any CPU
		{C0478A28-B53B-4184-B246-AEEA8A096D43}.Release|x64.ActiveCfg = Release|x64
		{C0478A28-B53B-4184-B246-AEEA8A096D43}.Release|x64.Build.0 = Release|x64
		{C0478A28-B53B-4184-B246-AEEA8A096D43}.Release|x86.ActiveCfg = Release|Any CPU
		{C0478A28-B53B-4184-B246-AEEA8A096D43}.Release|x86.Build.0 = Release|Any CPU
		{1783EAD6-B687-4D16-835B-0DFCC50BCE81}.Debug|Any CPU.ActiveCfg = Debug|Any CPU
		{1783EAD6-B687-4D16-835B-0DFCC50BCE81}.Debug|Any CPU.Build.0 = Debug|Any CPU
		{1783EAD6-B687-4D16-835B-0DFCC50BCE81}.Debug|x64.ActiveCfg = Debug|x64
		{1783EAD6-B687-4D16-835B-0DFCC50BCE81}.Debug|x64.Build.0 = Debug|x64
		{1783EAD6-B687-4D16-835B-0DFCC50BCE81}.Debug|x86.ActiveCfg = Debug|Any CPU
		{1783EAD6-B687-4D16-835B-0DFCC50BCE81}.Debug|x86.Build.0 = Debug|Any CPU
		{1783EAD6-B687-4D16-835B-0DFCC50BCE81}.Release|Any CPU.ActiveCfg = Release|Any CPU
		{1783EAD6-B687-4D16-835B-0DFCC50BCE81}.Release|Any CPU.Build.0 = Release|Any CPU
		{1783EAD6-B687-4D16-835B-0DFCC50BCE81}.Release|x64.ActiveCfg = Release|x64
		{1783EAD6-B687-4D16-835B-0DFCC50BCE81}.Release|x64.Build.0 = Release|x64
		{1783EAD6-B687-4D16-835B-0DFCC50BCE81}.Release|x86.ActiveCfg = Release|Any CPU
		{1783EAD6-B687-4D16-835B-0DFCC50BCE81}.Release|x86.Build.0 = Release|Any CPU
		{1225BD65-A6B2-44EC-B1E6-B48C8F542544}.Debug|Any CPU.ActiveCfg = Debug|Any CPU
		{1225BD65-A6B2-44EC-B1E6-B48C8F542544}.Debug|Any CPU.Build.0 = Debug|Any CPU
		{1225BD65-A6B2-44EC-B1E6-B48C8F542544}.Debug|x64.ActiveCfg = Debug|x64
		{1225BD65-A6B2-44EC-B1E6-B48C8F542544}.Debug|x64.Build.0 = Debug|x64
		{1225BD65-A6B2-44EC-B1E6-B48C8F542544}.Debug|x86.ActiveCfg = Debug|Any CPU
		{1225BD65-A6B2-44EC-B1E6-B48C8F542544}.Debug|x86.Build.0 = Debug|Any CPU
		{1225BD65-A6B2-44EC-B1E6-B48C8F542544}.Release|Any CPU.ActiveCfg = Release|Any CPU
		{1225BD65-A6B2-44EC-B1E6-B48C8F542544}.Release|Any CPU.Build.0 = Release|Any CPU
		{1225BD65-A6B2-44EC-B1E6-B48C8F542544}.Release|x64.ActiveCfg = Release|x64
		{1225BD65-A6B2-44EC-B1E6-B48C8F542544}.Release|x64.Build.0 = Release|x64
		{1225BD65-A6B2-44EC-B1E6-B48C8F542544}.Release|x86.ActiveCfg = Release|Any CPU
		{1225BD65-A6B2-44EC-B1E6-B48C8F542544}.Release|x86.Build.0 = Release|Any CPU
		{D8E01CFD-2E1B-46E1-A53C-DC3C3F3C874D}.Debug|Any CPU.ActiveCfg = Debug|Any CPU
		{D8E01CFD-2E1B-46E1-A53C-DC3C3F3C874D}.Debug|Any CPU.Build.0 = Debug|Any CPU
		{D8E01CFD-2E1B-46E1-A53C-DC3C3F3C874D}.Debug|x64.ActiveCfg = Debug|x64
		{D8E01CFD-2E1B-46E1-A53C-DC3C3F3C874D}.Debug|x64.Build.0 = Debug|x64
		{D8E01CFD-2E1B-46E1-A53C-DC3C3F3C874D}.Debug|x86.ActiveCfg = Debug|Any CPU
		{D8E01CFD-2E1B-46E1-A53C-DC3C3F3C874D}.Debug|x86.Build.0 = Debug|Any CPU
		{D8E01CFD-2E1B-46E1-A53C-DC3C3F3C874D}.Release|Any CPU.ActiveCfg = Release|Any CPU
		{D8E01CFD-2E1B-46E1-A53C-DC3C3F3C874D}.Release|Any CPU.Build.0 = Release|Any CPU
		{D8E01CFD-2E1B-46E1-A53C-DC3C3F3C874D}.Release|x64.ActiveCfg = Release|x64
		{D8E01CFD-2E1B-46E1-A53C-DC3C3F3C874D}.Release|x64.Build.0 = Release|x64
		{D8E01CFD-2E1B-46E1-A53C-DC3C3F3C874D}.Release|x86.ActiveCfg = Release|Any CPU
		{D8E01CFD-2E1B-46E1-A53C-DC3C3F3C874D}.Release|x86.Build.0 = Release|Any CPU
		{930D823B-8E49-40E8-8920-32AD53FC0A81}.Debug|Any CPU.ActiveCfg = Debug|x64
		{930D823B-8E49-40E8-8920-32AD53FC0A81}.Debug|Any CPU.Build.0 = Debug|x64
		{930D823B-8E49-40E8-8920-32AD53FC0A81}.Debug|x64.ActiveCfg = Debug|x64
		{930D823B-8E49-40E8-8920-32AD53FC0A81}.Debug|x64.Build.0 = Debug|x64
		{930D823B-8E49-40E8-8920-32AD53FC0A81}.Debug|x86.ActiveCfg = Debug|x64
		{930D823B-8E49-40E8-8920-32AD53FC0A81}.Debug|x86.Build.0 = Debug|x64
		{930D823B-8E49-40E8-8920-32AD53FC0A81}.Release|Any CPU.ActiveCfg = Release|Any CPU
		{930D823B-8E49-40E8-8920-32AD53FC0A81}.Release|Any CPU.Build.0 = Release|Any CPU
		{930D823B-8E49-40E8-8920-32AD53FC0A81}.Release|x64.ActiveCfg = Release|x64
		{930D823B-8E49-40E8-8920-32AD53FC0A81}.Release|x64.Build.0 = Release|x64
		{930D823B-8E49-40E8-8920-32AD53FC0A81}.Release|x86.ActiveCfg = Release|Any CPU
		{930D823B-8E49-40E8-8920-32AD53FC0A81}.Release|x86.Build.0 = Release|Any CPU
		{967D11CB-19D6-419E-8F28-282859AEDCBF}.Debug|Any CPU.ActiveCfg = Debug|x64
		{967D11CB-19D6-419E-8F28-282859AEDCBF}.Debug|Any CPU.Build.0 = Debug|x64
		{967D11CB-19D6-419E-8F28-282859AEDCBF}.Debug|x64.ActiveCfg = Debug|x64
		{967D11CB-19D6-419E-8F28-282859AEDCBF}.Debug|x64.Build.0 = Debug|x64
		{967D11CB-19D6-419E-8F28-282859AEDCBF}.Debug|x86.ActiveCfg = Debug|x64
		{967D11CB-19D6-419E-8F28-282859AEDCBF}.Debug|x86.Build.0 = Debug|x64
		{967D11CB-19D6-419E-8F28-282859AEDCBF}.Release|Any CPU.ActiveCfg = Release|Any CPU
		{967D11CB-19D6-419E-8F28-282859AEDCBF}.Release|Any CPU.Build.0 = Release|Any CPU
		{967D11CB-19D6-419E-8F28-282859AEDCBF}.Release|x64.ActiveCfg = Release|x64
		{967D11CB-19D6-419E-8F28-282859AEDCBF}.Release|x64.Build.0 = Release|x64
		{967D11CB-19D6-419E-8F28-282859AEDCBF}.Release|x86.ActiveCfg = Release|Any CPU
		{967D11CB-19D6-419E-8F28-282859AEDCBF}.Release|x86.Build.0 = Release|Any CPU
		{3DCA91E3-CA7F-416B-AC1E-2DB5C247D510}.Debug|Any CPU.ActiveCfg = Debug|Any CPU
		{3DCA91E3-CA7F-416B-AC1E-2DB5C247D510}.Debug|Any CPU.Build.0 = Debug|Any CPU
		{3DCA91E3-CA7F-416B-AC1E-2DB5C247D510}.Debug|x64.ActiveCfg = Debug|Any CPU
		{3DCA91E3-CA7F-416B-AC1E-2DB5C247D510}.Debug|x64.Build.0 = Debug|Any CPU
		{3DCA91E3-CA7F-416B-AC1E-2DB5C247D510}.Debug|x86.ActiveCfg = Debug|Any CPU
		{3DCA91E3-CA7F-416B-AC1E-2DB5C247D510}.Debug|x86.Build.0 = Debug|Any CPU
		{3DCA91E3-CA7F-416B-AC1E-2DB5C247D510}.Release|Any CPU.ActiveCfg = Release|Any CPU
		{3DCA91E3-CA7F-416B-AC1E-2DB5C247D510}.Release|Any CPU.Build.0 = Release|Any CPU
		{3DCA91E3-CA7F-416B-AC1E-2DB5C247D510}.Release|x64.ActiveCfg = Release|Any CPU
		{3DCA91E3-CA7F-416B-AC1E-2DB5C247D510}.Release|x64.Build.0 = Release|Any CPU
		{3DCA91E3-CA7F-416B-AC1E-2DB5C247D510}.Release|x86.ActiveCfg = Release|Any CPU
		{3DCA91E3-CA7F-416B-AC1E-2DB5C247D510}.Release|x86.Build.0 = Release|Any CPU
		{DD92105E-FFAD-4C90-A48A-D42C55F29937}.Debug|Any CPU.ActiveCfg = Debug|Any CPU
		{DD92105E-FFAD-4C90-A48A-D42C55F29937}.Debug|Any CPU.Build.0 = Debug|Any CPU
		{DD92105E-FFAD-4C90-A48A-D42C55F29937}.Debug|x64.ActiveCfg = Debug|Any CPU
		{DD92105E-FFAD-4C90-A48A-D42C55F29937}.Debug|x64.Build.0 = Debug|Any CPU
		{DD92105E-FFAD-4C90-A48A-D42C55F29937}.Debug|x86.ActiveCfg = Debug|Any CPU
		{DD92105E-FFAD-4C90-A48A-D42C55F29937}.Debug|x86.Build.0 = Debug|Any CPU
		{DD92105E-FFAD-4C90-A48A-D42C55F29937}.Release|Any CPU.ActiveCfg = Release|Any CPU
		{DD92105E-FFAD-4C90-A48A-D42C55F29937}.Release|Any CPU.Build.0 = Release|Any CPU
		{DD92105E-FFAD-4C90-A48A-D42C55F29937}.Release|x64.ActiveCfg = Release|Any CPU
		{DD92105E-FFAD-4C90-A48A-D42C55F29937}.Release|x64.Build.0 = Release|Any CPU
		{DD92105E-FFAD-4C90-A48A-D42C55F29937}.Release|x86.ActiveCfg = Release|Any CPU
		{DD92105E-FFAD-4C90-A48A-D42C55F29937}.Release|x86.Build.0 = Release|Any CPU
		{1283AF23-1A11-4C38-999E-2295B4D02436}.Debug|Any CPU.ActiveCfg = Debug|Any CPU
		{1283AF23-1A11-4C38-999E-2295B4D02436}.Debug|Any CPU.Build.0 = Debug|Any CPU
		{1283AF23-1A11-4C38-999E-2295B4D02436}.Debug|x64.ActiveCfg = Debug|x64
		{1283AF23-1A11-4C38-999E-2295B4D02436}.Debug|x64.Build.0 = Debug|x64
		{1283AF23-1A11-4C38-999E-2295B4D02436}.Debug|x86.ActiveCfg = Debug|Any CPU
		{1283AF23-1A11-4C38-999E-2295B4D02436}.Debug|x86.Build.0 = Debug|Any CPU
		{1283AF23-1A11-4C38-999E-2295B4D02436}.Release|Any CPU.ActiveCfg = Release|Any CPU
		{1283AF23-1A11-4C38-999E-2295B4D02436}.Release|Any CPU.Build.0 = Release|Any CPU
		{1283AF23-1A11-4C38-999E-2295B4D02436}.Release|x64.ActiveCfg = Release|x64
		{1283AF23-1A11-4C38-999E-2295B4D02436}.Release|x64.Build.0 = Release|x64
		{1283AF23-1A11-4C38-999E-2295B4D02436}.Release|x86.ActiveCfg = Release|Any CPU
		{1283AF23-1A11-4C38-999E-2295B4D02436}.Release|x86.Build.0 = Release|Any CPU
		{3FD539BF-1E6E-4116-84D4-28FFA5F0A76E}.Debug|Any CPU.ActiveCfg = Debug|Any CPU
		{3FD539BF-1E6E-4116-84D4-28FFA5F0A76E}.Debug|Any CPU.Build.0 = Debug|Any CPU
		{3FD539BF-1E6E-4116-84D4-28FFA5F0A76E}.Debug|x64.ActiveCfg = Debug|Any CPU
		{3FD539BF-1E6E-4116-84D4-28FFA5F0A76E}.Debug|x64.Build.0 = Debug|Any CPU
		{3FD539BF-1E6E-4116-84D4-28FFA5F0A76E}.Debug|x86.ActiveCfg = Debug|Any CPU
		{3FD539BF-1E6E-4116-84D4-28FFA5F0A76E}.Debug|x86.Build.0 = Debug|Any CPU
		{3FD539BF-1E6E-4116-84D4-28FFA5F0A76E}.Release|Any CPU.ActiveCfg = Release|Any CPU
		{3FD539BF-1E6E-4116-84D4-28FFA5F0A76E}.Release|Any CPU.Build.0 = Release|Any CPU
		{3FD539BF-1E6E-4116-84D4-28FFA5F0A76E}.Release|x64.ActiveCfg = Release|Any CPU
		{3FD539BF-1E6E-4116-84D4-28FFA5F0A76E}.Release|x64.Build.0 = Release|Any CPU
		{3FD539BF-1E6E-4116-84D4-28FFA5F0A76E}.Release|x86.ActiveCfg = Release|Any CPU
		{3FD539BF-1E6E-4116-84D4-28FFA5F0A76E}.Release|x86.Build.0 = Release|Any CPU
		{644904B1-7845-45C4-8042-EDAEAC36FCC4}.Debug|Any CPU.ActiveCfg = Debug|x64
		{644904B1-7845-45C4-8042-EDAEAC36FCC4}.Debug|Any CPU.Build.0 = Debug|x64
		{644904B1-7845-45C4-8042-EDAEAC36FCC4}.Debug|x64.ActiveCfg = Debug|Any CPU
		{644904B1-7845-45C4-8042-EDAEAC36FCC4}.Debug|x64.Build.0 = Debug|Any CPU
		{644904B1-7845-45C4-8042-EDAEAC36FCC4}.Debug|x86.ActiveCfg = Debug|x64
		{644904B1-7845-45C4-8042-EDAEAC36FCC4}.Debug|x86.Build.0 = Debug|x64
		{644904B1-7845-45C4-8042-EDAEAC36FCC4}.Release|Any CPU.ActiveCfg = Release|Any CPU
		{644904B1-7845-45C4-8042-EDAEAC36FCC4}.Release|Any CPU.Build.0 = Release|Any CPU
		{644904B1-7845-45C4-8042-EDAEAC36FCC4}.Release|x64.ActiveCfg = Release|Any CPU
		{644904B1-7845-45C4-8042-EDAEAC36FCC4}.Release|x64.Build.0 = Release|Any CPU
		{644904B1-7845-45C4-8042-EDAEAC36FCC4}.Release|x86.ActiveCfg = Release|Any CPU
		{644904B1-7845-45C4-8042-EDAEAC36FCC4}.Release|x86.Build.0 = Release|Any CPU
		{432E468F-7ABB-4CF9-BA10-198E5BD3E9E6}.Debug|Any CPU.ActiveCfg = Debug|Any CPU
		{432E468F-7ABB-4CF9-BA10-198E5BD3E9E6}.Debug|Any CPU.Build.0 = Debug|Any CPU
		{432E468F-7ABB-4CF9-BA10-198E5BD3E9E6}.Debug|x64.ActiveCfg = Debug|Any CPU
		{432E468F-7ABB-4CF9-BA10-198E5BD3E9E6}.Debug|x64.Build.0 = Debug|Any CPU
		{432E468F-7ABB-4CF9-BA10-198E5BD3E9E6}.Debug|x86.ActiveCfg = Debug|Any CPU
		{432E468F-7ABB-4CF9-BA10-198E5BD3E9E6}.Debug|x86.Build.0 = Debug|Any CPU
		{432E468F-7ABB-4CF9-BA10-198E5BD3E9E6}.Release|Any CPU.ActiveCfg = Release|Any CPU
		{432E468F-7ABB-4CF9-BA10-198E5BD3E9E6}.Release|Any CPU.Build.0 = Release|Any CPU
		{432E468F-7ABB-4CF9-BA10-198E5BD3E9E6}.Release|x64.ActiveCfg = Release|Any CPU
		{432E468F-7ABB-4CF9-BA10-198E5BD3E9E6}.Release|x64.Build.0 = Release|Any CPU
		{432E468F-7ABB-4CF9-BA10-198E5BD3E9E6}.Release|x86.ActiveCfg = Release|Any CPU
		{432E468F-7ABB-4CF9-BA10-198E5BD3E9E6}.Release|x86.Build.0 = Release|Any CPU
		{923835E8-5655-4E2A-B9E2-513FA2D039BB}.Debug|Any CPU.ActiveCfg = Debug|Any CPU
		{923835E8-5655-4E2A-B9E2-513FA2D039BB}.Debug|Any CPU.Build.0 = Debug|Any CPU
		{923835E8-5655-4E2A-B9E2-513FA2D039BB}.Debug|x64.ActiveCfg = Debug|Any CPU
		{923835E8-5655-4E2A-B9E2-513FA2D039BB}.Debug|x64.Build.0 = Debug|Any CPU
		{923835E8-5655-4E2A-B9E2-513FA2D039BB}.Debug|x86.ActiveCfg = Debug|Any CPU
		{923835E8-5655-4E2A-B9E2-513FA2D039BB}.Debug|x86.Build.0 = Debug|Any CPU
		{923835E8-5655-4E2A-B9E2-513FA2D039BB}.Release|Any CPU.ActiveCfg = Release|Any CPU
		{923835E8-5655-4E2A-B9E2-513FA2D039BB}.Release|Any CPU.Build.0 = Release|Any CPU
		{923835E8-5655-4E2A-B9E2-513FA2D039BB}.Release|x64.ActiveCfg = Release|Any CPU
		{923835E8-5655-4E2A-B9E2-513FA2D039BB}.Release|x64.Build.0 = Release|Any CPU
		{923835E8-5655-4E2A-B9E2-513FA2D039BB}.Release|x86.ActiveCfg = Release|Any CPU
		{923835E8-5655-4E2A-B9E2-513FA2D039BB}.Release|x86.Build.0 = Release|Any CPU
		{2EF1E7BA-D0EC-4376-ACB1-92FF49848B75}.Debug|Any CPU.ActiveCfg = Debug|Any CPU
		{2EF1E7BA-D0EC-4376-ACB1-92FF49848B75}.Debug|Any CPU.Build.0 = Debug|Any CPU
		{2EF1E7BA-D0EC-4376-ACB1-92FF49848B75}.Debug|x64.ActiveCfg = Debug|Any CPU
		{2EF1E7BA-D0EC-4376-ACB1-92FF49848B75}.Debug|x64.Build.0 = Debug|Any CPU
		{2EF1E7BA-D0EC-4376-ACB1-92FF49848B75}.Debug|x86.ActiveCfg = Debug|Any CPU
		{2EF1E7BA-D0EC-4376-ACB1-92FF49848B75}.Debug|x86.Build.0 = Debug|Any CPU
		{2EF1E7BA-D0EC-4376-ACB1-92FF49848B75}.Release|Any CPU.ActiveCfg = Release|Any CPU
		{2EF1E7BA-D0EC-4376-ACB1-92FF49848B75}.Release|Any CPU.Build.0 = Release|Any CPU
		{2EF1E7BA-D0EC-4376-ACB1-92FF49848B75}.Release|x64.ActiveCfg = Release|Any CPU
		{2EF1E7BA-D0EC-4376-ACB1-92FF49848B75}.Release|x64.Build.0 = Release|Any CPU
		{2EF1E7BA-D0EC-4376-ACB1-92FF49848B75}.Release|x86.ActiveCfg = Release|Any CPU
		{2EF1E7BA-D0EC-4376-ACB1-92FF49848B75}.Release|x86.Build.0 = Release|Any CPU
		{59156930-B368-42B1-8B9B-9BD33193A3E6}.Debug|Any CPU.ActiveCfg = Debug|Any CPU
		{59156930-B368-42B1-8B9B-9BD33193A3E6}.Debug|Any CPU.Build.0 = Debug|Any CPU
		{59156930-B368-42B1-8B9B-9BD33193A3E6}.Debug|x64.ActiveCfg = Debug|x64
		{59156930-B368-42B1-8B9B-9BD33193A3E6}.Debug|x64.Build.0 = Debug|x64
		{59156930-B368-42B1-8B9B-9BD33193A3E6}.Debug|x86.ActiveCfg = Debug|Any CPU
		{59156930-B368-42B1-8B9B-9BD33193A3E6}.Debug|x86.Build.0 = Debug|Any CPU
		{59156930-B368-42B1-8B9B-9BD33193A3E6}.Release|Any CPU.ActiveCfg = Release|Any CPU
		{59156930-B368-42B1-8B9B-9BD33193A3E6}.Release|Any CPU.Build.0 = Release|Any CPU
		{59156930-B368-42B1-8B9B-9BD33193A3E6}.Release|x64.ActiveCfg = Release|x64
		{59156930-B368-42B1-8B9B-9BD33193A3E6}.Release|x64.Build.0 = Release|x64
		{59156930-B368-42B1-8B9B-9BD33193A3E6}.Release|x86.ActiveCfg = Release|Any CPU
		{59156930-B368-42B1-8B9B-9BD33193A3E6}.Release|x86.Build.0 = Release|Any CPU
		{ABC3EC28-26D1-4C47-AD5D-F9EE58C4810B}.Debug|Any CPU.ActiveCfg = Debug|Any CPU
		{ABC3EC28-26D1-4C47-AD5D-F9EE58C4810B}.Debug|Any CPU.Build.0 = Debug|Any CPU
		{ABC3EC28-26D1-4C47-AD5D-F9EE58C4810B}.Debug|x64.ActiveCfg = Debug|Any CPU
		{ABC3EC28-26D1-4C47-AD5D-F9EE58C4810B}.Debug|x64.Build.0 = Debug|Any CPU
		{ABC3EC28-26D1-4C47-AD5D-F9EE58C4810B}.Debug|x86.ActiveCfg = Debug|Any CPU
		{ABC3EC28-26D1-4C47-AD5D-F9EE58C4810B}.Debug|x86.Build.0 = Debug|Any CPU
		{ABC3EC28-26D1-4C47-AD5D-F9EE58C4810B}.Release|Any CPU.ActiveCfg = Release|Any CPU
		{ABC3EC28-26D1-4C47-AD5D-F9EE58C4810B}.Release|Any CPU.Build.0 = Release|Any CPU
		{ABC3EC28-26D1-4C47-AD5D-F9EE58C4810B}.Release|x64.ActiveCfg = Release|Any CPU
		{ABC3EC28-26D1-4C47-AD5D-F9EE58C4810B}.Release|x64.Build.0 = Release|Any CPU
		{ABC3EC28-26D1-4C47-AD5D-F9EE58C4810B}.Release|x86.ActiveCfg = Release|Any CPU
		{ABC3EC28-26D1-4C47-AD5D-F9EE58C4810B}.Release|x86.Build.0 = Release|Any CPU
		{97EEA30D-23C4-4FC6-9D76-1E2547711858}.Debug|Any CPU.ActiveCfg = Debug|Any CPU
		{97EEA30D-23C4-4FC6-9D76-1E2547711858}.Debug|Any CPU.Build.0 = Debug|Any CPU
		{97EEA30D-23C4-4FC6-9D76-1E2547711858}.Debug|x64.ActiveCfg = Debug|Any CPU
		{97EEA30D-23C4-4FC6-9D76-1E2547711858}.Debug|x64.Build.0 = Debug|Any CPU
		{97EEA30D-23C4-4FC6-9D76-1E2547711858}.Debug|x86.ActiveCfg = Debug|Any CPU
		{97EEA30D-23C4-4FC6-9D76-1E2547711858}.Debug|x86.Build.0 = Debug|Any CPU
		{97EEA30D-23C4-4FC6-9D76-1E2547711858}.Release|Any CPU.ActiveCfg = Release|Any CPU
		{97EEA30D-23C4-4FC6-9D76-1E2547711858}.Release|Any CPU.Build.0 = Release|Any CPU
		{97EEA30D-23C4-4FC6-9D76-1E2547711858}.Release|x64.ActiveCfg = Release|Any CPU
		{97EEA30D-23C4-4FC6-9D76-1E2547711858}.Release|x64.Build.0 = Release|Any CPU
		{97EEA30D-23C4-4FC6-9D76-1E2547711858}.Release|x86.ActiveCfg = Release|Any CPU
		{97EEA30D-23C4-4FC6-9D76-1E2547711858}.Release|x86.Build.0 = Release|Any CPU
		{14FF52E4-7F0A-47DA-AE7D-B159FBF73D10}.Debug|Any CPU.ActiveCfg = Debug|Any CPU
		{14FF52E4-7F0A-47DA-AE7D-B159FBF73D10}.Debug|Any CPU.Build.0 = Debug|Any CPU
		{14FF52E4-7F0A-47DA-AE7D-B159FBF73D10}.Debug|x64.ActiveCfg = Debug|Any CPU
		{14FF52E4-7F0A-47DA-AE7D-B159FBF73D10}.Debug|x64.Build.0 = Debug|Any CPU
		{14FF52E4-7F0A-47DA-AE7D-B159FBF73D10}.Debug|x86.ActiveCfg = Debug|Any CPU
		{14FF52E4-7F0A-47DA-AE7D-B159FBF73D10}.Debug|x86.Build.0 = Debug|Any CPU
		{14FF52E4-7F0A-47DA-AE7D-B159FBF73D10}.Release|Any CPU.ActiveCfg = Release|Any CPU
		{14FF52E4-7F0A-47DA-AE7D-B159FBF73D10}.Release|Any CPU.Build.0 = Release|Any CPU
		{14FF52E4-7F0A-47DA-AE7D-B159FBF73D10}.Release|x64.ActiveCfg = Release|Any CPU
		{14FF52E4-7F0A-47DA-AE7D-B159FBF73D10}.Release|x64.Build.0 = Release|Any CPU
		{14FF52E4-7F0A-47DA-AE7D-B159FBF73D10}.Release|x86.ActiveCfg = Release|Any CPU
		{14FF52E4-7F0A-47DA-AE7D-B159FBF73D10}.Release|x86.Build.0 = Release|Any CPU
		{607A0E25-DEFD-4FBC-89D2-D6012CD6A795}.Debug|Any CPU.ActiveCfg = Debug|Any CPU
		{607A0E25-DEFD-4FBC-89D2-D6012CD6A795}.Debug|Any CPU.Build.0 = Debug|Any CPU
		{607A0E25-DEFD-4FBC-89D2-D6012CD6A795}.Debug|x64.ActiveCfg = Debug|Any CPU
		{607A0E25-DEFD-4FBC-89D2-D6012CD6A795}.Debug|x64.Build.0 = Debug|Any CPU
		{607A0E25-DEFD-4FBC-89D2-D6012CD6A795}.Debug|x86.ActiveCfg = Debug|Any CPU
		{607A0E25-DEFD-4FBC-89D2-D6012CD6A795}.Debug|x86.Build.0 = Debug|Any CPU
		{607A0E25-DEFD-4FBC-89D2-D6012CD6A795}.Release|Any CPU.ActiveCfg = Release|Any CPU
		{607A0E25-DEFD-4FBC-89D2-D6012CD6A795}.Release|Any CPU.Build.0 = Release|Any CPU
		{607A0E25-DEFD-4FBC-89D2-D6012CD6A795}.Release|x64.ActiveCfg = Release|Any CPU
		{607A0E25-DEFD-4FBC-89D2-D6012CD6A795}.Release|x64.Build.0 = Release|Any CPU
		{607A0E25-DEFD-4FBC-89D2-D6012CD6A795}.Release|x86.ActiveCfg = Release|Any CPU
		{607A0E25-DEFD-4FBC-89D2-D6012CD6A795}.Release|x86.Build.0 = Release|Any CPU
		{23465B63-76DC-4E25-9319-CE1FBBE9B352}.Debug|Any CPU.ActiveCfg = Debug|Any CPU
		{23465B63-76DC-4E25-9319-CE1FBBE9B352}.Debug|Any CPU.Build.0 = Debug|Any CPU
		{23465B63-76DC-4E25-9319-CE1FBBE9B352}.Debug|x64.ActiveCfg = Debug|Any CPU
		{23465B63-76DC-4E25-9319-CE1FBBE9B352}.Debug|x64.Build.0 = Debug|Any CPU
		{23465B63-76DC-4E25-9319-CE1FBBE9B352}.Debug|x86.ActiveCfg = Debug|Any CPU
		{23465B63-76DC-4E25-9319-CE1FBBE9B352}.Debug|x86.Build.0 = Debug|Any CPU
		{23465B63-76DC-4E25-9319-CE1FBBE9B352}.Release|Any CPU.ActiveCfg = Release|Any CPU
		{23465B63-76DC-4E25-9319-CE1FBBE9B352}.Release|Any CPU.Build.0 = Release|Any CPU
		{23465B63-76DC-4E25-9319-CE1FBBE9B352}.Release|x64.ActiveCfg = Release|Any CPU
		{23465B63-76DC-4E25-9319-CE1FBBE9B352}.Release|x64.Build.0 = Release|Any CPU
		{23465B63-76DC-4E25-9319-CE1FBBE9B352}.Release|x86.ActiveCfg = Release|Any CPU
		{23465B63-76DC-4E25-9319-CE1FBBE9B352}.Release|x86.Build.0 = Release|Any CPU
		{17548697-3C78-4C64-B166-A19857E4CEA8}.Debug|Any CPU.ActiveCfg = Debug|Any CPU
		{17548697-3C78-4C64-B166-A19857E4CEA8}.Debug|Any CPU.Build.0 = Debug|Any CPU
		{17548697-3C78-4C64-B166-A19857E4CEA8}.Debug|x64.ActiveCfg = Debug|Any CPU
		{17548697-3C78-4C64-B166-A19857E4CEA8}.Debug|x64.Build.0 = Debug|Any CPU
		{17548697-3C78-4C64-B166-A19857E4CEA8}.Debug|x86.ActiveCfg = Debug|Any CPU
		{17548697-3C78-4C64-B166-A19857E4CEA8}.Debug|x86.Build.0 = Debug|Any CPU
		{17548697-3C78-4C64-B166-A19857E4CEA8}.Release|Any CPU.ActiveCfg = Release|Any CPU
		{17548697-3C78-4C64-B166-A19857E4CEA8}.Release|Any CPU.Build.0 = Release|Any CPU
		{17548697-3C78-4C64-B166-A19857E4CEA8}.Release|x64.ActiveCfg = Release|Any CPU
		{17548697-3C78-4C64-B166-A19857E4CEA8}.Release|x64.Build.0 = Release|Any CPU
		{17548697-3C78-4C64-B166-A19857E4CEA8}.Release|x86.ActiveCfg = Release|Any CPU
		{17548697-3C78-4C64-B166-A19857E4CEA8}.Release|x86.Build.0 = Release|Any CPU
		{52C19E40-65DE-4D4D-A766-6A18DD8C07BC}.Debug|Any CPU.ActiveCfg = Debug|Any CPU
		{52C19E40-65DE-4D4D-A766-6A18DD8C07BC}.Debug|Any CPU.Build.0 = Debug|Any CPU
		{52C19E40-65DE-4D4D-A766-6A18DD8C07BC}.Debug|x64.ActiveCfg = Debug|Any CPU
		{52C19E40-65DE-4D4D-A766-6A18DD8C07BC}.Debug|x64.Build.0 = Debug|Any CPU
		{52C19E40-65DE-4D4D-A766-6A18DD8C07BC}.Debug|x86.ActiveCfg = Debug|Any CPU
		{52C19E40-65DE-4D4D-A766-6A18DD8C07BC}.Debug|x86.Build.0 = Debug|Any CPU
		{52C19E40-65DE-4D4D-A766-6A18DD8C07BC}.Release|Any CPU.ActiveCfg = Release|Any CPU
		{52C19E40-65DE-4D4D-A766-6A18DD8C07BC}.Release|Any CPU.Build.0 = Release|Any CPU
		{52C19E40-65DE-4D4D-A766-6A18DD8C07BC}.Release|x64.ActiveCfg = Release|Any CPU
		{52C19E40-65DE-4D4D-A766-6A18DD8C07BC}.Release|x64.Build.0 = Release|Any CPU
		{52C19E40-65DE-4D4D-A766-6A18DD8C07BC}.Release|x86.ActiveCfg = Release|Any CPU
		{52C19E40-65DE-4D4D-A766-6A18DD8C07BC}.Release|x86.Build.0 = Release|Any CPU
		{5049378A-DD56-4F7F-A4FA-533110C69624}.Debug|Any CPU.ActiveCfg = Debug|Any CPU
		{5049378A-DD56-4F7F-A4FA-533110C69624}.Debug|Any CPU.Build.0 = Debug|Any CPU
		{5049378A-DD56-4F7F-A4FA-533110C69624}.Debug|x64.ActiveCfg = Debug|Any CPU
		{5049378A-DD56-4F7F-A4FA-533110C69624}.Debug|x64.Build.0 = Debug|Any CPU
		{5049378A-DD56-4F7F-A4FA-533110C69624}.Debug|x86.ActiveCfg = Debug|Any CPU
		{5049378A-DD56-4F7F-A4FA-533110C69624}.Debug|x86.Build.0 = Debug|Any CPU
		{5049378A-DD56-4F7F-A4FA-533110C69624}.Release|Any CPU.ActiveCfg = Release|Any CPU
		{5049378A-DD56-4F7F-A4FA-533110C69624}.Release|Any CPU.Build.0 = Release|Any CPU
		{5049378A-DD56-4F7F-A4FA-533110C69624}.Release|x64.ActiveCfg = Release|Any CPU
		{5049378A-DD56-4F7F-A4FA-533110C69624}.Release|x64.Build.0 = Release|Any CPU
		{5049378A-DD56-4F7F-A4FA-533110C69624}.Release|x86.ActiveCfg = Release|Any CPU
		{5049378A-DD56-4F7F-A4FA-533110C69624}.Release|x86.Build.0 = Release|Any CPU
		{144F629E-D0C2-4930-B0E8-63C0E87887AD}.Debug|Any CPU.ActiveCfg = Debug|Any CPU
		{144F629E-D0C2-4930-B0E8-63C0E87887AD}.Debug|Any CPU.Build.0 = Debug|Any CPU
		{144F629E-D0C2-4930-B0E8-63C0E87887AD}.Debug|x64.ActiveCfg = Debug|Any CPU
		{144F629E-D0C2-4930-B0E8-63C0E87887AD}.Debug|x64.Build.0 = Debug|Any CPU
		{144F629E-D0C2-4930-B0E8-63C0E87887AD}.Debug|x86.ActiveCfg = Debug|Any CPU
		{144F629E-D0C2-4930-B0E8-63C0E87887AD}.Debug|x86.Build.0 = Debug|Any CPU
		{144F629E-D0C2-4930-B0E8-63C0E87887AD}.Release|Any CPU.ActiveCfg = Release|Any CPU
		{144F629E-D0C2-4930-B0E8-63C0E87887AD}.Release|Any CPU.Build.0 = Release|Any CPU
		{144F629E-D0C2-4930-B0E8-63C0E87887AD}.Release|x64.ActiveCfg = Release|Any CPU
		{144F629E-D0C2-4930-B0E8-63C0E87887AD}.Release|x64.Build.0 = Release|Any CPU
		{144F629E-D0C2-4930-B0E8-63C0E87887AD}.Release|x86.ActiveCfg = Release|Any CPU
		{144F629E-D0C2-4930-B0E8-63C0E87887AD}.Release|x86.Build.0 = Release|Any CPU
		{3628601C-AC9F-4575-9CE5-F0FE5A664C04}.Debug|Any CPU.ActiveCfg = Debug|Any CPU
		{3628601C-AC9F-4575-9CE5-F0FE5A664C04}.Debug|Any CPU.Build.0 = Debug|Any CPU
		{3628601C-AC9F-4575-9CE5-F0FE5A664C04}.Debug|x64.ActiveCfg = Debug|Any CPU
		{3628601C-AC9F-4575-9CE5-F0FE5A664C04}.Debug|x64.Build.0 = Debug|Any CPU
		{3628601C-AC9F-4575-9CE5-F0FE5A664C04}.Debug|x86.ActiveCfg = Debug|Any CPU
		{3628601C-AC9F-4575-9CE5-F0FE5A664C04}.Debug|x86.Build.0 = Debug|Any CPU
		{3628601C-AC9F-4575-9CE5-F0FE5A664C04}.Release|Any CPU.ActiveCfg = Release|Any CPU
		{3628601C-AC9F-4575-9CE5-F0FE5A664C04}.Release|Any CPU.Build.0 = Release|Any CPU
		{3628601C-AC9F-4575-9CE5-F0FE5A664C04}.Release|x64.ActiveCfg = Release|Any CPU
		{3628601C-AC9F-4575-9CE5-F0FE5A664C04}.Release|x64.Build.0 = Release|Any CPU
		{3628601C-AC9F-4575-9CE5-F0FE5A664C04}.Release|x86.ActiveCfg = Release|Any CPU
		{3628601C-AC9F-4575-9CE5-F0FE5A664C04}.Release|x86.Build.0 = Release|Any CPU
		{85CFD48E-76B9-4526-9357-0E4046D6F368}.Debug|Any CPU.ActiveCfg = Debug|Any CPU
		{85CFD48E-76B9-4526-9357-0E4046D6F368}.Debug|Any CPU.Build.0 = Debug|Any CPU
		{85CFD48E-76B9-4526-9357-0E4046D6F368}.Debug|x64.ActiveCfg = Debug|Any CPU
		{85CFD48E-76B9-4526-9357-0E4046D6F368}.Debug|x64.Build.0 = Debug|Any CPU
		{85CFD48E-76B9-4526-9357-0E4046D6F368}.Debug|x86.ActiveCfg = Debug|Any CPU
		{85CFD48E-76B9-4526-9357-0E4046D6F368}.Debug|x86.Build.0 = Debug|Any CPU
		{85CFD48E-76B9-4526-9357-0E4046D6F368}.Release|Any CPU.ActiveCfg = Release|Any CPU
		{85CFD48E-76B9-4526-9357-0E4046D6F368}.Release|Any CPU.Build.0 = Release|Any CPU
		{85CFD48E-76B9-4526-9357-0E4046D6F368}.Release|x64.ActiveCfg = Release|Any CPU
		{85CFD48E-76B9-4526-9357-0E4046D6F368}.Release|x64.Build.0 = Release|Any CPU
		{85CFD48E-76B9-4526-9357-0E4046D6F368}.Release|x86.ActiveCfg = Release|Any CPU
		{85CFD48E-76B9-4526-9357-0E4046D6F368}.Release|x86.Build.0 = Release|Any CPU
		{5EE3C342-13B3-4EC9-A08E-C8949D81AFC2}.Debug|Any CPU.ActiveCfg = Debug|Any CPU
		{5EE3C342-13B3-4EC9-A08E-C8949D81AFC2}.Debug|Any CPU.Build.0 = Debug|Any CPU
		{5EE3C342-13B3-4EC9-A08E-C8949D81AFC2}.Debug|x64.ActiveCfg = Debug|Any CPU
		{5EE3C342-13B3-4EC9-A08E-C8949D81AFC2}.Debug|x64.Build.0 = Debug|Any CPU
		{5EE3C342-13B3-4EC9-A08E-C8949D81AFC2}.Debug|x86.ActiveCfg = Debug|Any CPU
		{5EE3C342-13B3-4EC9-A08E-C8949D81AFC2}.Debug|x86.Build.0 = Debug|Any CPU
		{5EE3C342-13B3-4EC9-A08E-C8949D81AFC2}.Release|Any CPU.ActiveCfg = Release|Any CPU
		{5EE3C342-13B3-4EC9-A08E-C8949D81AFC2}.Release|Any CPU.Build.0 = Release|Any CPU
		{5EE3C342-13B3-4EC9-A08E-C8949D81AFC2}.Release|x64.ActiveCfg = Release|Any CPU
		{5EE3C342-13B3-4EC9-A08E-C8949D81AFC2}.Release|x64.Build.0 = Release|Any CPU
		{5EE3C342-13B3-4EC9-A08E-C8949D81AFC2}.Release|x86.ActiveCfg = Release|Any CPU
		{5EE3C342-13B3-4EC9-A08E-C8949D81AFC2}.Release|x86.Build.0 = Release|Any CPU
		{FC5E293F-FC73-4A8C-80BC-C91DB208515C}.Debug|Any CPU.ActiveCfg = Debug|Any CPU
		{FC5E293F-FC73-4A8C-80BC-C91DB208515C}.Debug|Any CPU.Build.0 = Debug|Any CPU
		{FC5E293F-FC73-4A8C-80BC-C91DB208515C}.Debug|x64.ActiveCfg = Debug|Any CPU
		{FC5E293F-FC73-4A8C-80BC-C91DB208515C}.Debug|x64.Build.0 = Debug|Any CPU
		{FC5E293F-FC73-4A8C-80BC-C91DB208515C}.Debug|x86.ActiveCfg = Debug|Any CPU
		{FC5E293F-FC73-4A8C-80BC-C91DB208515C}.Debug|x86.Build.0 = Debug|Any CPU
		{FC5E293F-FC73-4A8C-80BC-C91DB208515C}.Release|Any CPU.ActiveCfg = Release|Any CPU
		{FC5E293F-FC73-4A8C-80BC-C91DB208515C}.Release|Any CPU.Build.0 = Release|Any CPU
		{FC5E293F-FC73-4A8C-80BC-C91DB208515C}.Release|x64.ActiveCfg = Release|Any CPU
		{FC5E293F-FC73-4A8C-80BC-C91DB208515C}.Release|x64.Build.0 = Release|Any CPU
		{FC5E293F-FC73-4A8C-80BC-C91DB208515C}.Release|x86.ActiveCfg = Release|Any CPU
		{FC5E293F-FC73-4A8C-80BC-C91DB208515C}.Release|x86.Build.0 = Release|Any CPU
		{CC71411B-5070-4EED-8968-4491CEFFE70E}.Debug|Any CPU.ActiveCfg = Debug|Any CPU
		{CC71411B-5070-4EED-8968-4491CEFFE70E}.Debug|Any CPU.Build.0 = Debug|Any CPU
		{CC71411B-5070-4EED-8968-4491CEFFE70E}.Debug|x64.ActiveCfg = Debug|Any CPU
		{CC71411B-5070-4EED-8968-4491CEFFE70E}.Debug|x64.Build.0 = Debug|Any CPU
		{CC71411B-5070-4EED-8968-4491CEFFE70E}.Debug|x86.ActiveCfg = Debug|Any CPU
		{CC71411B-5070-4EED-8968-4491CEFFE70E}.Debug|x86.Build.0 = Debug|Any CPU
		{CC71411B-5070-4EED-8968-4491CEFFE70E}.Release|Any CPU.ActiveCfg = Release|Any CPU
		{CC71411B-5070-4EED-8968-4491CEFFE70E}.Release|Any CPU.Build.0 = Release|Any CPU
		{CC71411B-5070-4EED-8968-4491CEFFE70E}.Release|x64.ActiveCfg = Release|Any CPU
		{CC71411B-5070-4EED-8968-4491CEFFE70E}.Release|x64.Build.0 = Release|Any CPU
		{CC71411B-5070-4EED-8968-4491CEFFE70E}.Release|x86.ActiveCfg = Release|Any CPU
		{CC71411B-5070-4EED-8968-4491CEFFE70E}.Release|x86.Build.0 = Release|Any CPU
		{76928D04-1105-4B35-9573-9BAB2B9DDE31}.Debug|Any CPU.ActiveCfg = Debug|Any CPU
		{76928D04-1105-4B35-9573-9BAB2B9DDE31}.Debug|Any CPU.Build.0 = Debug|Any CPU
		{76928D04-1105-4B35-9573-9BAB2B9DDE31}.Debug|x64.ActiveCfg = Debug|Any CPU
		{76928D04-1105-4B35-9573-9BAB2B9DDE31}.Debug|x64.Build.0 = Debug|Any CPU
		{76928D04-1105-4B35-9573-9BAB2B9DDE31}.Debug|x86.ActiveCfg = Debug|Any CPU
		{76928D04-1105-4B35-9573-9BAB2B9DDE31}.Debug|x86.Build.0 = Debug|Any CPU
		{76928D04-1105-4B35-9573-9BAB2B9DDE31}.Release|Any CPU.ActiveCfg = Release|Any CPU
		{76928D04-1105-4B35-9573-9BAB2B9DDE31}.Release|Any CPU.Build.0 = Release|Any CPU
		{76928D04-1105-4B35-9573-9BAB2B9DDE31}.Release|x64.ActiveCfg = Release|Any CPU
		{76928D04-1105-4B35-9573-9BAB2B9DDE31}.Release|x64.Build.0 = Release|Any CPU
		{76928D04-1105-4B35-9573-9BAB2B9DDE31}.Release|x86.ActiveCfg = Release|Any CPU
		{76928D04-1105-4B35-9573-9BAB2B9DDE31}.Release|x86.Build.0 = Release|Any CPU
		{C30E97AC-D68C-4174-A5DE-1603A33D6AB7}.Debug|Any CPU.ActiveCfg = Debug|Any CPU
		{C30E97AC-D68C-4174-A5DE-1603A33D6AB7}.Debug|Any CPU.Build.0 = Debug|Any CPU
		{C30E97AC-D68C-4174-A5DE-1603A33D6AB7}.Debug|x64.ActiveCfg = Debug|Any CPU
		{C30E97AC-D68C-4174-A5DE-1603A33D6AB7}.Debug|x64.Build.0 = Debug|Any CPU
		{C30E97AC-D68C-4174-A5DE-1603A33D6AB7}.Debug|x86.ActiveCfg = Debug|Any CPU
		{C30E97AC-D68C-4174-A5DE-1603A33D6AB7}.Debug|x86.Build.0 = Debug|Any CPU
		{C30E97AC-D68C-4174-A5DE-1603A33D6AB7}.Release|Any CPU.ActiveCfg = Release|Any CPU
		{C30E97AC-D68C-4174-A5DE-1603A33D6AB7}.Release|Any CPU.Build.0 = Release|Any CPU
		{C30E97AC-D68C-4174-A5DE-1603A33D6AB7}.Release|x64.ActiveCfg = Release|Any CPU
		{C30E97AC-D68C-4174-A5DE-1603A33D6AB7}.Release|x64.Build.0 = Release|Any CPU
		{C30E97AC-D68C-4174-A5DE-1603A33D6AB7}.Release|x86.ActiveCfg = Release|Any CPU
		{C30E97AC-D68C-4174-A5DE-1603A33D6AB7}.Release|x86.Build.0 = Release|Any CPU
		{3DD512EE-5257-476E-86D2-3FA595571494}.Debug|Any CPU.ActiveCfg = Debug|Any CPU
		{3DD512EE-5257-476E-86D2-3FA595571494}.Debug|Any CPU.Build.0 = Debug|Any CPU
		{3DD512EE-5257-476E-86D2-3FA595571494}.Debug|x64.ActiveCfg = Debug|Any CPU
		{3DD512EE-5257-476E-86D2-3FA595571494}.Debug|x64.Build.0 = Debug|Any CPU
		{3DD512EE-5257-476E-86D2-3FA595571494}.Debug|x86.ActiveCfg = Debug|Any CPU
		{3DD512EE-5257-476E-86D2-3FA595571494}.Debug|x86.Build.0 = Debug|Any CPU
		{3DD512EE-5257-476E-86D2-3FA595571494}.Release|Any CPU.ActiveCfg = Release|Any CPU
		{3DD512EE-5257-476E-86D2-3FA595571494}.Release|Any CPU.Build.0 = Release|Any CPU
		{3DD512EE-5257-476E-86D2-3FA595571494}.Release|x64.ActiveCfg = Release|Any CPU
		{3DD512EE-5257-476E-86D2-3FA595571494}.Release|x64.Build.0 = Release|Any CPU
		{3DD512EE-5257-476E-86D2-3FA595571494}.Release|x86.ActiveCfg = Release|Any CPU
		{3DD512EE-5257-476E-86D2-3FA595571494}.Release|x86.Build.0 = Release|Any CPU
		{68D900D2-F6B9-4885-ACBA-090DCF51E499}.Debug|Any CPU.ActiveCfg = Debug|Any CPU
		{68D900D2-F6B9-4885-ACBA-090DCF51E499}.Debug|Any CPU.Build.0 = Debug|Any CPU
		{68D900D2-F6B9-4885-ACBA-090DCF51E499}.Debug|x64.ActiveCfg = Debug|Any CPU
		{68D900D2-F6B9-4885-ACBA-090DCF51E499}.Debug|x64.Build.0 = Debug|Any CPU
		{68D900D2-F6B9-4885-ACBA-090DCF51E499}.Debug|x86.ActiveCfg = Debug|Any CPU
		{68D900D2-F6B9-4885-ACBA-090DCF51E499}.Debug|x86.Build.0 = Debug|Any CPU
		{68D900D2-F6B9-4885-ACBA-090DCF51E499}.Release|Any CPU.ActiveCfg = Release|Any CPU
		{68D900D2-F6B9-4885-ACBA-090DCF51E499}.Release|Any CPU.Build.0 = Release|Any CPU
		{68D900D2-F6B9-4885-ACBA-090DCF51E499}.Release|x64.ActiveCfg = Release|Any CPU
		{68D900D2-F6B9-4885-ACBA-090DCF51E499}.Release|x64.Build.0 = Release|Any CPU
		{68D900D2-F6B9-4885-ACBA-090DCF51E499}.Release|x86.ActiveCfg = Release|Any CPU
		{68D900D2-F6B9-4885-ACBA-090DCF51E499}.Release|x86.Build.0 = Release|Any CPU
		{CFC435D7-5879-4E75-9062-922C81DC6B6E}.Debug|Any CPU.ActiveCfg = Debug|Any CPU
		{CFC435D7-5879-4E75-9062-922C81DC6B6E}.Debug|Any CPU.Build.0 = Debug|Any CPU
		{CFC435D7-5879-4E75-9062-922C81DC6B6E}.Debug|x64.ActiveCfg = Debug|Any CPU
		{CFC435D7-5879-4E75-9062-922C81DC6B6E}.Debug|x64.Build.0 = Debug|Any CPU
		{CFC435D7-5879-4E75-9062-922C81DC6B6E}.Debug|x86.ActiveCfg = Debug|Any CPU
		{CFC435D7-5879-4E75-9062-922C81DC6B6E}.Debug|x86.Build.0 = Debug|Any CPU
		{CFC435D7-5879-4E75-9062-922C81DC6B6E}.Release|Any CPU.ActiveCfg = Release|Any CPU
		{CFC435D7-5879-4E75-9062-922C81DC6B6E}.Release|Any CPU.Build.0 = Release|Any CPU
		{CFC435D7-5879-4E75-9062-922C81DC6B6E}.Release|x64.ActiveCfg = Release|Any CPU
		{CFC435D7-5879-4E75-9062-922C81DC6B6E}.Release|x64.Build.0 = Release|Any CPU
		{CFC435D7-5879-4E75-9062-922C81DC6B6E}.Release|x86.ActiveCfg = Release|Any CPU
		{CFC435D7-5879-4E75-9062-922C81DC6B6E}.Release|x86.Build.0 = Release|Any CPU
		{2B735ED3-D8F9-4B25-9992-F8D0ABDC4221}.Debug|Any CPU.ActiveCfg = Debug|Any CPU
		{2B735ED3-D8F9-4B25-9992-F8D0ABDC4221}.Debug|Any CPU.Build.0 = Debug|Any CPU
		{2B735ED3-D8F9-4B25-9992-F8D0ABDC4221}.Debug|x64.ActiveCfg = Debug|Any CPU
		{2B735ED3-D8F9-4B25-9992-F8D0ABDC4221}.Debug|x64.Build.0 = Debug|Any CPU
		{2B735ED3-D8F9-4B25-9992-F8D0ABDC4221}.Debug|x86.ActiveCfg = Debug|Any CPU
		{2B735ED3-D8F9-4B25-9992-F8D0ABDC4221}.Debug|x86.Build.0 = Debug|Any CPU
		{2B735ED3-D8F9-4B25-9992-F8D0ABDC4221}.Release|Any CPU.ActiveCfg = Release|Any CPU
		{2B735ED3-D8F9-4B25-9992-F8D0ABDC4221}.Release|Any CPU.Build.0 = Release|Any CPU
		{2B735ED3-D8F9-4B25-9992-F8D0ABDC4221}.Release|x64.ActiveCfg = Release|Any CPU
		{2B735ED3-D8F9-4B25-9992-F8D0ABDC4221}.Release|x64.Build.0 = Release|Any CPU
		{2B735ED3-D8F9-4B25-9992-F8D0ABDC4221}.Release|x86.ActiveCfg = Release|Any CPU
		{2B735ED3-D8F9-4B25-9992-F8D0ABDC4221}.Release|x86.Build.0 = Release|Any CPU
		{02A79A7E-35EB-40C8-BF84-AEB183C75FE8}.Debug|Any CPU.ActiveCfg = Debug|Any CPU
		{02A79A7E-35EB-40C8-BF84-AEB183C75FE8}.Debug|Any CPU.Build.0 = Debug|Any CPU
		{02A79A7E-35EB-40C8-BF84-AEB183C75FE8}.Debug|x64.ActiveCfg = Debug|Any CPU
		{02A79A7E-35EB-40C8-BF84-AEB183C75FE8}.Debug|x64.Build.0 = Debug|Any CPU
		{02A79A7E-35EB-40C8-BF84-AEB183C75FE8}.Debug|x86.ActiveCfg = Debug|Any CPU
		{02A79A7E-35EB-40C8-BF84-AEB183C75FE8}.Debug|x86.Build.0 = Debug|Any CPU
		{02A79A7E-35EB-40C8-BF84-AEB183C75FE8}.Release|Any CPU.ActiveCfg = Release|Any CPU
		{02A79A7E-35EB-40C8-BF84-AEB183C75FE8}.Release|Any CPU.Build.0 = Release|Any CPU
		{02A79A7E-35EB-40C8-BF84-AEB183C75FE8}.Release|x64.ActiveCfg = Release|Any CPU
		{02A79A7E-35EB-40C8-BF84-AEB183C75FE8}.Release|x64.Build.0 = Release|Any CPU
		{02A79A7E-35EB-40C8-BF84-AEB183C75FE8}.Release|x86.ActiveCfg = Release|Any CPU
		{02A79A7E-35EB-40C8-BF84-AEB183C75FE8}.Release|x86.Build.0 = Release|Any CPU
		{F6391745-BB0B-46BA-A083-2B531BF61ECB}.Debug|Any CPU.ActiveCfg = Debug|x64
		{F6391745-BB0B-46BA-A083-2B531BF61ECB}.Debug|Any CPU.Build.0 = Debug|x64
		{F6391745-BB0B-46BA-A083-2B531BF61ECB}.Debug|x64.ActiveCfg = Debug|Any CPU
		{F6391745-BB0B-46BA-A083-2B531BF61ECB}.Debug|x64.Build.0 = Debug|Any CPU
		{F6391745-BB0B-46BA-A083-2B531BF61ECB}.Debug|x86.ActiveCfg = Debug|x64
		{F6391745-BB0B-46BA-A083-2B531BF61ECB}.Debug|x86.Build.0 = Debug|x64
		{F6391745-BB0B-46BA-A083-2B531BF61ECB}.Release|Any CPU.ActiveCfg = Release|Any CPU
		{F6391745-BB0B-46BA-A083-2B531BF61ECB}.Release|Any CPU.Build.0 = Release|Any CPU
		{F6391745-BB0B-46BA-A083-2B531BF61ECB}.Release|x64.ActiveCfg = Release|Any CPU
		{F6391745-BB0B-46BA-A083-2B531BF61ECB}.Release|x64.Build.0 = Release|Any CPU
		{F6391745-BB0B-46BA-A083-2B531BF61ECB}.Release|x86.ActiveCfg = Release|x64
		{F6391745-BB0B-46BA-A083-2B531BF61ECB}.Release|x86.Build.0 = Release|x64
		{1A757EA5-E736-43D5-BDB3-8D860E9E558D}.Debug|Any CPU.ActiveCfg = Debug|Any CPU
		{1A757EA5-E736-43D5-BDB3-8D860E9E558D}.Debug|Any CPU.Build.0 = Debug|Any CPU
		{1A757EA5-E736-43D5-BDB3-8D860E9E558D}.Debug|x64.ActiveCfg = Debug|Any CPU
		{1A757EA5-E736-43D5-BDB3-8D860E9E558D}.Debug|x64.Build.0 = Debug|Any CPU
		{1A757EA5-E736-43D5-BDB3-8D860E9E558D}.Debug|x86.ActiveCfg = Debug|Any CPU
		{1A757EA5-E736-43D5-BDB3-8D860E9E558D}.Debug|x86.Build.0 = Debug|Any CPU
		{1A757EA5-E736-43D5-BDB3-8D860E9E558D}.Release|Any CPU.ActiveCfg = Release|Any CPU
		{1A757EA5-E736-43D5-BDB3-8D860E9E558D}.Release|Any CPU.Build.0 = Release|Any CPU
		{1A757EA5-E736-43D5-BDB3-8D860E9E558D}.Release|x64.ActiveCfg = Release|Any CPU
		{1A757EA5-E736-43D5-BDB3-8D860E9E558D}.Release|x64.Build.0 = Release|Any CPU
		{1A757EA5-E736-43D5-BDB3-8D860E9E558D}.Release|x86.ActiveCfg = Release|Any CPU
		{1A757EA5-E736-43D5-BDB3-8D860E9E558D}.Release|x86.Build.0 = Release|Any CPU
		{5CDF404F-E92D-445C-B6EB-AE5455B9551C}.Debug|Any CPU.ActiveCfg = Debug|Any CPU
		{5CDF404F-E92D-445C-B6EB-AE5455B9551C}.Debug|Any CPU.Build.0 = Debug|Any CPU
		{5CDF404F-E92D-445C-B6EB-AE5455B9551C}.Debug|x64.ActiveCfg = Debug|Any CPU
		{5CDF404F-E92D-445C-B6EB-AE5455B9551C}.Debug|x64.Build.0 = Debug|Any CPU
		{5CDF404F-E92D-445C-B6EB-AE5455B9551C}.Debug|x86.ActiveCfg = Debug|Any CPU
		{5CDF404F-E92D-445C-B6EB-AE5455B9551C}.Debug|x86.Build.0 = Debug|Any CPU
		{5CDF404F-E92D-445C-B6EB-AE5455B9551C}.Release|Any CPU.ActiveCfg = Release|Any CPU
		{5CDF404F-E92D-445C-B6EB-AE5455B9551C}.Release|Any CPU.Build.0 = Release|Any CPU
		{5CDF404F-E92D-445C-B6EB-AE5455B9551C}.Release|x64.ActiveCfg = Release|Any CPU
		{5CDF404F-E92D-445C-B6EB-AE5455B9551C}.Release|x64.Build.0 = Release|Any CPU
		{5CDF404F-E92D-445C-B6EB-AE5455B9551C}.Release|x86.ActiveCfg = Release|Any CPU
		{5CDF404F-E92D-445C-B6EB-AE5455B9551C}.Release|x86.Build.0 = Release|Any CPU
		{2F6C1134-495D-4721-A581-7DB286BEF131}.Debug|Any CPU.ActiveCfg = Debug|Any CPU
		{2F6C1134-495D-4721-A581-7DB286BEF131}.Debug|Any CPU.Build.0 = Debug|Any CPU
		{2F6C1134-495D-4721-A581-7DB286BEF131}.Debug|x64.ActiveCfg = Debug|Any CPU
		{2F6C1134-495D-4721-A581-7DB286BEF131}.Debug|x64.Build.0 = Debug|Any CPU
		{2F6C1134-495D-4721-A581-7DB286BEF131}.Debug|x86.ActiveCfg = Debug|Any CPU
		{2F6C1134-495D-4721-A581-7DB286BEF131}.Debug|x86.Build.0 = Debug|Any CPU
		{2F6C1134-495D-4721-A581-7DB286BEF131}.Release|Any CPU.ActiveCfg = Release|Any CPU
		{2F6C1134-495D-4721-A581-7DB286BEF131}.Release|Any CPU.Build.0 = Release|Any CPU
		{2F6C1134-495D-4721-A581-7DB286BEF131}.Release|x64.ActiveCfg = Release|Any CPU
		{2F6C1134-495D-4721-A581-7DB286BEF131}.Release|x64.Build.0 = Release|Any CPU
		{2F6C1134-495D-4721-A581-7DB286BEF131}.Release|x86.ActiveCfg = Release|Any CPU
		{2F6C1134-495D-4721-A581-7DB286BEF131}.Release|x86.Build.0 = Release|Any CPU
		{895867BA-F47B-4481-8C9D-98467A7B477D}.Debug|Any CPU.ActiveCfg = Debug|Any CPU
		{895867BA-F47B-4481-8C9D-98467A7B477D}.Debug|Any CPU.Build.0 = Debug|Any CPU
		{895867BA-F47B-4481-8C9D-98467A7B477D}.Debug|x64.ActiveCfg = Debug|Any CPU
		{895867BA-F47B-4481-8C9D-98467A7B477D}.Debug|x64.Build.0 = Debug|Any CPU
		{895867BA-F47B-4481-8C9D-98467A7B477D}.Debug|x86.ActiveCfg = Debug|Any CPU
		{895867BA-F47B-4481-8C9D-98467A7B477D}.Debug|x86.Build.0 = Debug|Any CPU
		{895867BA-F47B-4481-8C9D-98467A7B477D}.Release|Any CPU.ActiveCfg = Release|Any CPU
		{895867BA-F47B-4481-8C9D-98467A7B477D}.Release|Any CPU.Build.0 = Release|Any CPU
		{895867BA-F47B-4481-8C9D-98467A7B477D}.Release|x64.ActiveCfg = Release|Any CPU
		{895867BA-F47B-4481-8C9D-98467A7B477D}.Release|x64.Build.0 = Release|Any CPU
		{895867BA-F47B-4481-8C9D-98467A7B477D}.Release|x86.ActiveCfg = Release|Any CPU
		{895867BA-F47B-4481-8C9D-98467A7B477D}.Release|x86.Build.0 = Release|Any CPU
		{DE2C4926-BABE-4358-BFBF-C474B6EFFD77}.Debug|Any CPU.ActiveCfg = Debug|Any CPU
		{DE2C4926-BABE-4358-BFBF-C474B6EFFD77}.Debug|Any CPU.Build.0 = Debug|Any CPU
		{DE2C4926-BABE-4358-BFBF-C474B6EFFD77}.Debug|x64.ActiveCfg = Debug|Any CPU
		{DE2C4926-BABE-4358-BFBF-C474B6EFFD77}.Debug|x64.Build.0 = Debug|Any CPU
		{DE2C4926-BABE-4358-BFBF-C474B6EFFD77}.Debug|x86.ActiveCfg = Debug|Any CPU
		{DE2C4926-BABE-4358-BFBF-C474B6EFFD77}.Debug|x86.Build.0 = Debug|Any CPU
		{DE2C4926-BABE-4358-BFBF-C474B6EFFD77}.Release|Any CPU.ActiveCfg = Release|Any CPU
		{DE2C4926-BABE-4358-BFBF-C474B6EFFD77}.Release|Any CPU.Build.0 = Release|Any CPU
		{DE2C4926-BABE-4358-BFBF-C474B6EFFD77}.Release|x64.ActiveCfg = Release|Any CPU
		{DE2C4926-BABE-4358-BFBF-C474B6EFFD77}.Release|x64.Build.0 = Release|Any CPU
		{DE2C4926-BABE-4358-BFBF-C474B6EFFD77}.Release|x86.ActiveCfg = Release|Any CPU
		{DE2C4926-BABE-4358-BFBF-C474B6EFFD77}.Release|x86.Build.0 = Release|Any CPU
		{D6489DB4-91D4-4B90-A67B-EED01D4F7AFD}.Debug|Any CPU.ActiveCfg = Debug|Any CPU
		{D6489DB4-91D4-4B90-A67B-EED01D4F7AFD}.Debug|Any CPU.Build.0 = Debug|Any CPU
		{D6489DB4-91D4-4B90-A67B-EED01D4F7AFD}.Debug|x64.ActiveCfg = Debug|Any CPU
		{D6489DB4-91D4-4B90-A67B-EED01D4F7AFD}.Debug|x64.Build.0 = Debug|Any CPU
		{D6489DB4-91D4-4B90-A67B-EED01D4F7AFD}.Debug|x86.ActiveCfg = Debug|Any CPU
		{D6489DB4-91D4-4B90-A67B-EED01D4F7AFD}.Debug|x86.Build.0 = Debug|Any CPU
		{D6489DB4-91D4-4B90-A67B-EED01D4F7AFD}.Release|Any CPU.ActiveCfg = Release|Any CPU
		{D6489DB4-91D4-4B90-A67B-EED01D4F7AFD}.Release|Any CPU.Build.0 = Release|Any CPU
		{D6489DB4-91D4-4B90-A67B-EED01D4F7AFD}.Release|x64.ActiveCfg = Release|Any CPU
		{D6489DB4-91D4-4B90-A67B-EED01D4F7AFD}.Release|x64.Build.0 = Release|Any CPU
		{D6489DB4-91D4-4B90-A67B-EED01D4F7AFD}.Release|x86.ActiveCfg = Release|Any CPU
		{D6489DB4-91D4-4B90-A67B-EED01D4F7AFD}.Release|x86.Build.0 = Release|Any CPU
		{5B1B2DD3-D44D-4702-9FD3-40CAFE545A8E}.Debug|Any CPU.ActiveCfg = Debug|Any CPU
		{5B1B2DD3-D44D-4702-9FD3-40CAFE545A8E}.Debug|Any CPU.Build.0 = Debug|Any CPU
		{5B1B2DD3-D44D-4702-9FD3-40CAFE545A8E}.Debug|x64.ActiveCfg = Debug|Any CPU
		{5B1B2DD3-D44D-4702-9FD3-40CAFE545A8E}.Debug|x64.Build.0 = Debug|Any CPU
		{5B1B2DD3-D44D-4702-9FD3-40CAFE545A8E}.Debug|x86.ActiveCfg = Debug|Any CPU
		{5B1B2DD3-D44D-4702-9FD3-40CAFE545A8E}.Debug|x86.Build.0 = Debug|Any CPU
		{5B1B2DD3-D44D-4702-9FD3-40CAFE545A8E}.Release|Any CPU.ActiveCfg = Release|Any CPU
		{5B1B2DD3-D44D-4702-9FD3-40CAFE545A8E}.Release|Any CPU.Build.0 = Release|Any CPU
		{5B1B2DD3-D44D-4702-9FD3-40CAFE545A8E}.Release|x64.ActiveCfg = Release|Any CPU
		{5B1B2DD3-D44D-4702-9FD3-40CAFE545A8E}.Release|x64.Build.0 = Release|Any CPU
		{5B1B2DD3-D44D-4702-9FD3-40CAFE545A8E}.Release|x86.ActiveCfg = Release|Any CPU
		{5B1B2DD3-D44D-4702-9FD3-40CAFE545A8E}.Release|x86.Build.0 = Release|Any CPU
		{899C613E-2A1B-4B60-B0EB-213A4DED01DF}.Debug|Any CPU.ActiveCfg = Debug|Any CPU
		{899C613E-2A1B-4B60-B0EB-213A4DED01DF}.Debug|Any CPU.Build.0 = Debug|Any CPU
		{899C613E-2A1B-4B60-B0EB-213A4DED01DF}.Debug|x64.ActiveCfg = Debug|Any CPU
		{899C613E-2A1B-4B60-B0EB-213A4DED01DF}.Debug|x64.Build.0 = Debug|Any CPU
		{899C613E-2A1B-4B60-B0EB-213A4DED01DF}.Debug|x86.ActiveCfg = Debug|Any CPU
		{899C613E-2A1B-4B60-B0EB-213A4DED01DF}.Debug|x86.Build.0 = Debug|Any CPU
		{899C613E-2A1B-4B60-B0EB-213A4DED01DF}.Release|Any CPU.ActiveCfg = Release|Any CPU
		{899C613E-2A1B-4B60-B0EB-213A4DED01DF}.Release|Any CPU.Build.0 = Release|Any CPU
		{899C613E-2A1B-4B60-B0EB-213A4DED01DF}.Release|x64.ActiveCfg = Release|Any CPU
		{899C613E-2A1B-4B60-B0EB-213A4DED01DF}.Release|x64.Build.0 = Release|Any CPU
		{899C613E-2A1B-4B60-B0EB-213A4DED01DF}.Release|x86.ActiveCfg = Release|Any CPU
		{899C613E-2A1B-4B60-B0EB-213A4DED01DF}.Release|x86.Build.0 = Release|Any CPU
		{DFA8ADB8-6559-4756-B213-6D999645B4F0}.Debug|Any CPU.ActiveCfg = Debug|Any CPU
		{DFA8ADB8-6559-4756-B213-6D999645B4F0}.Debug|Any CPU.Build.0 = Debug|Any CPU
		{DFA8ADB8-6559-4756-B213-6D999645B4F0}.Debug|x64.ActiveCfg = Debug|Any CPU
		{DFA8ADB8-6559-4756-B213-6D999645B4F0}.Debug|x64.Build.0 = Debug|Any CPU
		{DFA8ADB8-6559-4756-B213-6D999645B4F0}.Debug|x86.ActiveCfg = Debug|Any CPU
		{DFA8ADB8-6559-4756-B213-6D999645B4F0}.Debug|x86.Build.0 = Debug|Any CPU
		{DFA8ADB8-6559-4756-B213-6D999645B4F0}.Release|Any CPU.ActiveCfg = Release|Any CPU
		{DFA8ADB8-6559-4756-B213-6D999645B4F0}.Release|Any CPU.Build.0 = Release|Any CPU
		{DFA8ADB8-6559-4756-B213-6D999645B4F0}.Release|x64.ActiveCfg = Release|Any CPU
		{DFA8ADB8-6559-4756-B213-6D999645B4F0}.Release|x64.Build.0 = Release|Any CPU
		{DFA8ADB8-6559-4756-B213-6D999645B4F0}.Release|x86.ActiveCfg = Release|Any CPU
		{DFA8ADB8-6559-4756-B213-6D999645B4F0}.Release|x86.Build.0 = Release|Any CPU
		{653A7965-4A3E-4343-8727-43C221EAEB04}.Debug|Any CPU.ActiveCfg = Debug|Any CPU
		{653A7965-4A3E-4343-8727-43C221EAEB04}.Debug|Any CPU.Build.0 = Debug|Any CPU
		{653A7965-4A3E-4343-8727-43C221EAEB04}.Debug|x64.ActiveCfg = Debug|Any CPU
		{653A7965-4A3E-4343-8727-43C221EAEB04}.Debug|x64.Build.0 = Debug|Any CPU
		{653A7965-4A3E-4343-8727-43C221EAEB04}.Debug|x86.ActiveCfg = Debug|Any CPU
		{653A7965-4A3E-4343-8727-43C221EAEB04}.Debug|x86.Build.0 = Debug|Any CPU
		{653A7965-4A3E-4343-8727-43C221EAEB04}.Release|Any CPU.ActiveCfg = Release|Any CPU
		{653A7965-4A3E-4343-8727-43C221EAEB04}.Release|Any CPU.Build.0 = Release|Any CPU
		{653A7965-4A3E-4343-8727-43C221EAEB04}.Release|x64.ActiveCfg = Release|Any CPU
		{653A7965-4A3E-4343-8727-43C221EAEB04}.Release|x64.Build.0 = Release|Any CPU
		{653A7965-4A3E-4343-8727-43C221EAEB04}.Release|x86.ActiveCfg = Release|Any CPU
		{653A7965-4A3E-4343-8727-43C221EAEB04}.Release|x86.Build.0 = Release|Any CPU
		{C8F392EB-D9FA-410D-BBDD-496BD70D48A9}.Debug|Any CPU.ActiveCfg = Debug|Any CPU
		{C8F392EB-D9FA-410D-BBDD-496BD70D48A9}.Debug|Any CPU.Build.0 = Debug|Any CPU
		{C8F392EB-D9FA-410D-BBDD-496BD70D48A9}.Debug|x64.ActiveCfg = Debug|x64
		{C8F392EB-D9FA-410D-BBDD-496BD70D48A9}.Debug|x64.Build.0 = Debug|x64
		{C8F392EB-D9FA-410D-BBDD-496BD70D48A9}.Debug|x86.ActiveCfg = Debug|x86
		{C8F392EB-D9FA-410D-BBDD-496BD70D48A9}.Debug|x86.Build.0 = Debug|x86
		{C8F392EB-D9FA-410D-BBDD-496BD70D48A9}.Release|Any CPU.ActiveCfg = Release|Any CPU
		{C8F392EB-D9FA-410D-BBDD-496BD70D48A9}.Release|Any CPU.Build.0 = Release|Any CPU
		{C8F392EB-D9FA-410D-BBDD-496BD70D48A9}.Release|x64.ActiveCfg = Release|x64
		{C8F392EB-D9FA-410D-BBDD-496BD70D48A9}.Release|x64.Build.0 = Release|x64
		{C8F392EB-D9FA-410D-BBDD-496BD70D48A9}.Release|x86.ActiveCfg = Release|x86
		{C8F392EB-D9FA-410D-BBDD-496BD70D48A9}.Release|x86.Build.0 = Release|x86
	EndGlobalSection
	GlobalSection(SolutionProperties) = preSolution
		HideSolutionNode = FALSE
	EndGlobalSection
	GlobalSection(NestedProjects) = preSolution
		{3877FB8F-3A64-4255-BAC3-243E89F8D1EE} = {4E19FC1C-DFE9-4C69-8AF5-1920F0290763}
		{D6867CA9-59CC-4171-B126-546DFE01F6DA} = {4E19FC1C-DFE9-4C69-8AF5-1920F0290763}
		{BF05431D-B026-4C08-8136-7C11ABF30722} = {4A6EA4D3-6D7E-4DE0-B19D-5E280F74290A}
		{4E468358-36D3-4F30-8AB2-8CA1C3FB031B} = {4A6EA4D3-6D7E-4DE0-B19D-5E280F74290A}
		{1CC91BDA-E1D3-4EAB-9D67-7D04B224F837} = {8AED1C8E-4EF9-4189-A58B-D051FD1025E3}
		{F66F5F1A-5A2A-44D6-B627-9B4A3CE403ED} = {68064B96-4CD2-44EE-8508-73F0B8342CB1}
		{1A58C91A-2D5D-4551-A8E8-277183D0E57E} = {3877FB8F-3A64-4255-BAC3-243E89F8D1EE}
		{55F43FFA-AAB9-4380-97AB-900CC3018F0C} = {D6867CA9-59CC-4171-B126-546DFE01F6DA}
		{92B559F6-AD65-4818-9300-BADD7F849853} = {16F47063-6BF4-4ADA-87A1-3945BC3FD20D}
		{2D8FC7C7-CD92-4E2B-ACBC-86F46725BBDD} = {87393A3D-C764-4605-9FE4-6571AE803836}
		{E6415B28-A18D-4172-99A9-16A1F3143A33} = {8DDB2DB2-C57C-4119-80DE-BDCD50B81381}
		{B4AFE641-87C9-4D61-9ED7-DFE1E01DD621} = {87393A3D-C764-4605-9FE4-6571AE803836}
		{8495AF04-1294-4C11-A69F-AA06C17F17B6} = {8AED1C8E-4EF9-4189-A58B-D051FD1025E3}
		{EE33EF5E-7375-4FD6-979C-194DE1109E17} = {65694544-99FB-4D9A-9AB3-8629D51F22E9}
		{8522C62C-0519-4E7F-BD3A-45DBFA5BBE04} = {0D5691DA-CC0E-4E92-B470-28AACD4DF5DC}
		{431626ED-9388-465E-8ECA-28A3EE63BC81} = {A48CA5B6-3A66-408A-B007-A5E1B08D8274}
		{98548BC9-9004-43B8-B612-7489E6C231F1} = {87393A3D-C764-4605-9FE4-6571AE803836}
		{61D0A701-4FB2-40BF-990D-8108ABFB8EAB} = {98548BC9-9004-43B8-B612-7489E6C231F1}
		{D2204B42-AF4D-44F7-BC66-0186BF9B841B} = {D8C99879-0FCF-420B-9871-CBE4AE5C70D5}
		{B525AFF8-E718-4568-9A06-631A1AB4906D} = {98548BC9-9004-43B8-B612-7489E6C231F1}
		{C0478A28-B53B-4184-B246-AEEA8A096D43} = {61B606A1-151F-4C19-B0BC-855009DD156C}
		{1783EAD6-B687-4D16-835B-0DFCC50BCE81} = {65694544-99FB-4D9A-9AB3-8629D51F22E9}
		{1D6F5ABF-F71B-440E-B774-85627649AAC0} = {98548BC9-9004-43B8-B612-7489E6C231F1}
		{1225BD65-A6B2-44EC-B1E6-B48C8F542544} = {1D6F5ABF-F71B-440E-B774-85627649AAC0}
		{D8E01CFD-2E1B-46E1-A53C-DC3C3F3C874D} = {0D5691DA-CC0E-4E92-B470-28AACD4DF5DC}
		{C072F971-2A32-48E2-8438-6CE1287AAE15} = {98548BC9-9004-43B8-B612-7489E6C231F1}
		{930D823B-8E49-40E8-8920-32AD53FC0A81} = {C072F971-2A32-48E2-8438-6CE1287AAE15}
		{8F7C0D50-F494-4091-92BA-07465874AF78} = {98548BC9-9004-43B8-B612-7489E6C231F1}
		{967D11CB-19D6-419E-8F28-282859AEDCBF} = {8F7C0D50-F494-4091-92BA-07465874AF78}
		{A549CAFF-5010-4F1A-8EDA-66CF04893172} = {98548BC9-9004-43B8-B612-7489E6C231F1}
		{3DCA91E3-CA7F-416B-AC1E-2DB5C247D510} = {61B606A1-151F-4C19-B0BC-855009DD156C}
		{DD92105E-FFAD-4C90-A48A-D42C55F29937} = {65694544-99FB-4D9A-9AB3-8629D51F22E9}
		{1283AF23-1A11-4C38-999E-2295B4D02436} = {61B606A1-151F-4C19-B0BC-855009DD156C}
		{3FD539BF-1E6E-4116-84D4-28FFA5F0A76E} = {61B606A1-151F-4C19-B0BC-855009DD156C}
		{644904B1-7845-45C4-8042-EDAEAC36FCC4} = {98548BC9-9004-43B8-B612-7489E6C231F1}
		{432E468F-7ABB-4CF9-BA10-198E5BD3E9E6} = {65694544-99FB-4D9A-9AB3-8629D51F22E9}
		{923835E8-5655-4E2A-B9E2-513FA2D039BB} = {FE10DDAC-7931-44B9-822E-557F5176179F}
		{2EF1E7BA-D0EC-4376-ACB1-92FF49848B75} = {FE10DDAC-7931-44B9-822E-557F5176179F}
		{FE10DDAC-7931-44B9-822E-557F5176179F} = {B4AFE641-87C9-4D61-9ED7-DFE1E01DD621}
		{59156930-B368-42B1-8B9B-9BD33193A3E6} = {A549CAFF-5010-4F1A-8EDA-66CF04893172}
		{ABC3EC28-26D1-4C47-AD5D-F9EE58C4810B} = {61B606A1-151F-4C19-B0BC-855009DD156C}
		{97EEA30D-23C4-4FC6-9D76-1E2547711858} = {FE10DDAC-7931-44B9-822E-557F5176179F}
		{14FF52E4-7F0A-47DA-AE7D-B159FBF73D10} = {D8C99879-0FCF-420B-9871-CBE4AE5C70D5}
		{607A0E25-DEFD-4FBC-89D2-D6012CD6A795} = {65694544-99FB-4D9A-9AB3-8629D51F22E9}
		{23465B63-76DC-4E25-9319-CE1FBBE9B352} = {0D5691DA-CC0E-4E92-B470-28AACD4DF5DC}
		{9AFFE52C-DE0E-4789-A0B4-92DDAF2B6BE9} = {98548BC9-9004-43B8-B612-7489E6C231F1}
		{17548697-3C78-4C64-B166-A19857E4CEA8} = {4E468358-36D3-4F30-8AB2-8CA1C3FB031B}
		{52C19E40-65DE-4D4D-A766-6A18DD8C07BC} = {9AFFE52C-DE0E-4789-A0B4-92DDAF2B6BE9}
		{5049378A-DD56-4F7F-A4FA-533110C69624} = {D8C99879-0FCF-420B-9871-CBE4AE5C70D5}
		{144F629E-D0C2-4930-B0E8-63C0E87887AD} = {D8C99879-0FCF-420B-9871-CBE4AE5C70D5}
		{3628601C-AC9F-4575-9CE5-F0FE5A664C04} = {D8C99879-0FCF-420B-9871-CBE4AE5C70D5}
		{85CFD48E-76B9-4526-9357-0E4046D6F368} = {D8C99879-0FCF-420B-9871-CBE4AE5C70D5}
		{5EE3C342-13B3-4EC9-A08E-C8949D81AFC2} = {DF921E8C-5807-44DC-A51B-0D98D74B06E7}
		{FC5E293F-FC73-4A8C-80BC-C91DB208515C} = {DF921E8C-5807-44DC-A51B-0D98D74B06E7}
		{CC71411B-5070-4EED-8968-4491CEFFE70E} = {92535DFB-5381-4E05-B723-1332419EFFEC}
		{76928D04-1105-4B35-9573-9BAB2B9DDE31} = {98548BC9-9004-43B8-B612-7489E6C231F1}
		{C30E97AC-D68C-4174-A5DE-1603A33D6AB7} = {0D5691DA-CC0E-4E92-B470-28AACD4DF5DC}
		{3DD512EE-5257-476E-86D2-3FA595571494} = {D8C99879-0FCF-420B-9871-CBE4AE5C70D5}
		{68D900D2-F6B9-4885-ACBA-090DCF51E499} = {92535DFB-5381-4E05-B723-1332419EFFEC}
		{92535DFB-5381-4E05-B723-1332419EFFEC} = {A48CA5B6-3A66-408A-B007-A5E1B08D8274}
		{DF921E8C-5807-44DC-A51B-0D98D74B06E7} = {A48CA5B6-3A66-408A-B007-A5E1B08D8274}
		{B572B131-AB06-40A4-9901-6195CDD3B8DA} = {98548BC9-9004-43B8-B612-7489E6C231F1}
		{CFC435D7-5879-4E75-9062-922C81DC6B6E} = {B572B131-AB06-40A4-9901-6195CDD3B8DA}
		{2B735ED3-D8F9-4B25-9992-F8D0ABDC4221} = {DED57E01-F876-440B-B61B-76E77779464F}
		{02A79A7E-35EB-40C8-BF84-AEB183C75FE8} = {B4AFE641-87C9-4D61-9ED7-DFE1E01DD621}
		{F6391745-BB0B-46BA-A083-2B531BF61ECB} = {A48CA5B6-3A66-408A-B007-A5E1B08D8274}
		{1A757EA5-E736-43D5-BDB3-8D860E9E558D} = {AFF0C0D0-98A6-4A88-A34A-E6A74B977B76}
		{5CDF404F-E92D-445C-B6EB-AE5455B9551C} = {61B606A1-151F-4C19-B0BC-855009DD156C}
		{2F6C1134-495D-4721-A581-7DB286BEF131} = {65694544-99FB-4D9A-9AB3-8629D51F22E9}
		{D35A826B-EE19-452B-A252-92954A3C4B71} = {98548BC9-9004-43B8-B612-7489E6C231F1}
		{895867BA-F47B-4481-8C9D-98467A7B477D} = {D35A826B-EE19-452B-A252-92954A3C4B71}
		{DE2C4926-BABE-4358-BFBF-C474B6EFFD77} = {D35A826B-EE19-452B-A252-92954A3C4B71}
		{D6489DB4-91D4-4B90-A67B-EED01D4F7AFD} = {D35A826B-EE19-452B-A252-92954A3C4B71}
		{5B1B2DD3-D44D-4702-9FD3-40CAFE545A8E} = {0D5691DA-CC0E-4E92-B470-28AACD4DF5DC}
		{899C613E-2A1B-4B60-B0EB-213A4DED01DF} = {A48CA5B6-3A66-408A-B007-A5E1B08D8274}
		{6281248F-1A72-4AF5-B2B7-BF138E5ACE1F} = {A48CA5B6-3A66-408A-B007-A5E1B08D8274}
		{DFA8ADB8-6559-4756-B213-6D999645B4F0} = {6281248F-1A72-4AF5-B2B7-BF138E5ACE1F}
		{653A7965-4A3E-4343-8727-43C221EAEB04} = {9AFFE52C-DE0E-4789-A0B4-92DDAF2B6BE9}
		{C8F392EB-D9FA-410D-BBDD-496BD70D48A9} = {7F76FE75-31B1-4668-BF23-3A871FB821C7}
	EndGlobalSection
	GlobalSection(ExtensibilityGlobals) = postSolution
		SolutionGuid = {C286A0A1-EAE7-455B-916C-FEC119CDB4BF}
	EndGlobalSection
EndGlobal
